
Microsoft Visual Studio Solution File, Format Version 12.00
# Visual Studio Version 16
VisualStudioVersion = 16.0.31025.194
MinimumVisualStudioVersion = 10.0.40219.1
Project("{9A19103F-16F7-4668-BE54-9A1E7A4F7556}") = "MyMarket", "MyMarket\MyMarket.csproj", "{A6288580-6005-4D4C-B3B8-F8117FB46A46}"
EndProject
Project("{9A19103F-16F7-4668-BE54-9A1E7A4F7556}") = "MyMarkerWebApi", "MyMarkerWebApi\MyMarkerWebApi.csproj", "{5C7AFB12-337A-4332-AE3A-70B5BF51C393}"
EndProject
Project("{9A19103F-16F7-4668-BE54-9A1E7A4F7556}") = "MyLib", "MyLib\MyLib.csproj", "{2CA7E951-8EED-44FA-B4CA-C6643B63BC61}"
EndProject
Project("{FAE04EC0-301F-11D3-BF4B-00C04F79EFBC}") = "MyMarketMobile.Android", "MyMarketMobile\MyMarketMobile.Android\MyMarketMobile.Android.csproj", "{2E9C8C3A-9524-4BE1-9AA7-4ADBBCCFEE51}"
EndProject
Project("{FAE04EC0-301F-11D3-BF4B-00C04F79EFBC}") = "MyMarketMobile.iOS", "MyMarketMobile\MyMarketMobile.iOS\MyMarketMobile.iOS.csproj", "{9B05D8E3-B994-4EA8-BFF8-CEEEC8B41655}"
EndProject
Project("{9A19103F-16F7-4668-BE54-9A1E7A4F7556}") = "MyMarketMobile", "MyMarketMobile\MyMarketMobile\MyMarketMobile.csproj", "{4C656413-62E8-4E45-A508-45B755EC491B}"
EndProject
Project("{FAE04EC0-301F-11D3-BF4B-00C04F79EFBC}") = "MyMarketServer", "MyMarketServer\MyMarketServer.csproj", "{DEACFCCD-E25F-442A-91CA-7A62827F587F}"
EndProject
Global
	GlobalSection(SolutionConfigurationPlatforms) = preSolution
		Debug|Any CPU = Debug|Any CPU
		Debug|iPhone = Debug|iPhone
		Debug|iPhoneSimulator = Debug|iPhoneSimulator
		Release|Any CPU = Release|Any CPU
		Release|iPhone = Release|iPhone
		Release|iPhoneSimulator = Release|iPhoneSimulator
	EndGlobalSection
	GlobalSection(ProjectConfigurationPlatforms) = postSolution
		{A6288580-6005-4D4C-B3B8-F8117FB46A46}.Debug|Any CPU.ActiveCfg = Debug|Any CPU
		{A6288580-6005-4D4C-B3B8-F8117FB46A46}.Debug|Any CPU.Build.0 = Debug|Any CPU
		{A6288580-6005-4D4C-B3B8-F8117FB46A46}.Debug|iPhone.ActiveCfg = Debug|Any CPU
		{A6288580-6005-4D4C-B3B8-F8117FB46A46}.Debug|iPhone.Build.0 = Debug|Any CPU
		{A6288580-6005-4D4C-B3B8-F8117FB46A46}.Debug|iPhoneSimulator.ActiveCfg = Debug|Any CPU
		{A6288580-6005-4D4C-B3B8-F8117FB46A46}.Debug|iPhoneSimulator.Build.0 = Debug|Any CPU
		{A6288580-6005-4D4C-B3B8-F8117FB46A46}.Release|Any CPU.ActiveCfg = Release|Any CPU
		{A6288580-6005-4D4C-B3B8-F8117FB46A46}.Release|Any CPU.Build.0 = Release|Any CPU
		{A6288580-6005-4D4C-B3B8-F8117FB46A46}.Release|iPhone.ActiveCfg = Release|Any CPU
		{A6288580-6005-4D4C-B3B8-F8117FB46A46}.Release|iPhone.Build.0 = Release|Any CPU
		{A6288580-6005-4D4C-B3B8-F8117FB46A46}.Release|iPhoneSimulator.ActiveCfg = Release|Any CPU
		{A6288580-6005-4D4C-B3B8-F8117FB46A46}.Release|iPhoneSimulator.Build.0 = Release|Any CPU
		{5C7AFB12-337A-4332-AE3A-70B5BF51C393}.Debug|Any CPU.ActiveCfg = Debug|Any CPU
		{5C7AFB12-337A-4332-AE3A-70B5BF51C393}.Debug|Any CPU.Build.0 = Debug|Any CPU
		{5C7AFB12-337A-4332-AE3A-70B5BF51C393}.Debug|iPhone.ActiveCfg = Debug|Any CPU
		{5C7AFB12-337A-4332-AE3A-70B5BF51C393}.Debug|iPhone.Build.0 = Debug|Any CPU
		{5C7AFB12-337A-4332-AE3A-70B5BF51C393}.Debug|iPhoneSimulator.ActiveCfg = Debug|Any CPU
		{5C7AFB12-337A-4332-AE3A-70B5BF51C393}.Debug|iPhoneSimulator.Build.0 = Debug|Any CPU
		{5C7AFB12-337A-4332-AE3A-70B5BF51C393}.Release|Any CPU.ActiveCfg = Release|Any CPU
		{5C7AFB12-337A-4332-AE3A-70B5BF51C393}.Release|Any CPU.Build.0 = Release|Any CPU
		{5C7AFB12-337A-4332-AE3A-70B5BF51C393}.Release|iPhone.ActiveCfg = Release|Any CPU
		{5C7AFB12-337A-4332-AE3A-70B5BF51C393}.Release|iPhone.Build.0 = Release|Any CPU
		{5C7AFB12-337A-4332-AE3A-70B5BF51C393}.Release|iPhoneSimulator.ActiveCfg = Release|Any CPU
		{5C7AFB12-337A-4332-AE3A-70B5BF51C393}.Release|iPhoneSimulator.Build.0 = Release|Any CPU
		{2CA7E951-8EED-44FA-B4CA-C6643B63BC61}.Debug|Any CPU.ActiveCfg = Debug|Any CPU
		{2CA7E951-8EED-44FA-B4CA-C6643B63BC61}.Debug|Any CPU.Build.0 = Debug|Any CPU
		{2CA7E951-8EED-44FA-B4CA-C6643B63BC61}.Debug|iPhone.ActiveCfg = Debug|Any CPU
		{2CA7E951-8EED-44FA-B4CA-C6643B63BC61}.Debug|iPhone.Build.0 = Debug|Any CPU
		{2CA7E951-8EED-44FA-B4CA-C6643B63BC61}.Debug|iPhoneSimulator.ActiveCfg = Debug|Any CPU
		{2CA7E951-8EED-44FA-B4CA-C6643B63BC61}.Debug|iPhoneSimulator.Build.0 = Debug|Any CPU
		{2CA7E951-8EED-44FA-B4CA-C6643B63BC61}.Release|Any CPU.ActiveCfg = Release|Any CPU
		{2CA7E951-8EED-44FA-B4CA-C6643B63BC61}.Release|Any CPU.Build.0 = Release|Any CPU
		{2CA7E951-8EED-44FA-B4CA-C6643B63BC61}.Release|iPhone.ActiveCfg = Release|Any CPU
		{2CA7E951-8EED-44FA-B4CA-C6643B63BC61}.Release|iPhone.Build.0 = Release|Any CPU
		{2CA7E951-8EED-44FA-B4CA-C6643B63BC61}.Release|iPhoneSimulator.ActiveCfg = Release|Any CPU
		{2CA7E951-8EED-44FA-B4CA-C6643B63BC61}.Release|iPhoneSimulator.Build.0 = Release|Any CPU
		{2E9C8C3A-9524-4BE1-9AA7-4ADBBCCFEE51}.Debug|Any CPU.ActiveCfg = Debug|Any CPU
		{2E9C8C3A-9524-4BE1-9AA7-4ADBBCCFEE51}.Debug|Any CPU.Build.0 = Debug|Any CPU
		{2E9C8C3A-9524-4BE1-9AA7-4ADBBCCFEE51}.Debug|Any CPU.Deploy.0 = Debug|Any CPU
		{2E9C8C3A-9524-4BE1-9AA7-4ADBBCCFEE51}.Debug|iPhone.ActiveCfg = Debug|Any CPU
		{2E9C8C3A-9524-4BE1-9AA7-4ADBBCCFEE51}.Debug|iPhone.Build.0 = Debug|Any CPU
		{2E9C8C3A-9524-4BE1-9AA7-4ADBBCCFEE51}.Debug|iPhone.Deploy.0 = Debug|Any CPU
		{2E9C8C3A-9524-4BE1-9AA7-4ADBBCCFEE51}.Debug|iPhoneSimulator.ActiveCfg = Debug|Any CPU
		{2E9C8C3A-9524-4BE1-9AA7-4ADBBCCFEE51}.Debug|iPhoneSimulator.Build.0 = Debug|Any CPU
		{2E9C8C3A-9524-4BE1-9AA7-4ADBBCCFEE51}.Debug|iPhoneSimulator.Deploy.0 = Debug|Any CPU
		{2E9C8C3A-9524-4BE1-9AA7-4ADBBCCFEE51}.Release|Any CPU.ActiveCfg = Release|Any CPU
		{2E9C8C3A-9524-4BE1-9AA7-4ADBBCCFEE51}.Release|Any CPU.Build.0 = Release|Any CPU
		{2E9C8C3A-9524-4BE1-9AA7-4ADBBCCFEE51}.Release|Any CPU.Deploy.0 = Release|Any CPU
		{2E9C8C3A-9524-4BE1-9AA7-4ADBBCCFEE51}.Release|iPhone.ActiveCfg = Release|Any CPU
		{2E9C8C3A-9524-4BE1-9AA7-4ADBBCCFEE51}.Release|iPhone.Build.0 = Release|Any CPU
		{2E9C8C3A-9524-4BE1-9AA7-4ADBBCCFEE51}.Release|iPhone.Deploy.0 = Release|Any CPU
		{2E9C8C3A-9524-4BE1-9AA7-4ADBBCCFEE51}.Release|iPhoneSimulator.ActiveCfg = Release|Any CPU
		{2E9C8C3A-9524-4BE1-9AA7-4ADBBCCFEE51}.Release|iPhoneSimulator.Build.0 = Release|Any CPU
		{2E9C8C3A-9524-4BE1-9AA7-4ADBBCCFEE51}.Release|iPhoneSimulator.Deploy.0 = Release|Any CPU
		{9B05D8E3-B994-4EA8-BFF8-CEEEC8B41655}.Debug|Any CPU.ActiveCfg = Debug|iPhoneSimulator
		{9B05D8E3-B994-4EA8-BFF8-CEEEC8B41655}.Debug|iPhone.ActiveCfg = Debug|iPhone
		{9B05D8E3-B994-4EA8-BFF8-CEEEC8B41655}.Debug|iPhone.Build.0 = Debug|iPhone
		{9B05D8E3-B994-4EA8-BFF8-CEEEC8B41655}.Debug|iPhoneSimulator.ActiveCfg = Debug|iPhoneSimulator
		{9B05D8E3-B994-4EA8-BFF8-CEEEC8B41655}.Debug|iPhoneSimulator.Build.0 = Debug|iPhoneSimulator
		{9B05D8E3-B994-4EA8-BFF8-CEEEC8B41655}.Release|Any CPU.ActiveCfg = Release|iPhoneSimulator
		{9B05D8E3-B994-4EA8-BFF8-CEEEC8B41655}.Release|iPhone.ActiveCfg = Release|iPhone
		{9B05D8E3-B994-4EA8-BFF8-CEEEC8B41655}.Release|iPhone.Build.0 = Release|iPhone
		{9B05D8E3-B994-4EA8-BFF8-CEEEC8B41655}.Release|iPhoneSimulator.ActiveCfg = Release|iPhoneSimulator
		{9B05D8E3-B994-4EA8-BFF8-CEEEC8B41655}.Release|iPhoneSimulator.Build.0 = Release|iPhoneSimulator
		{4C656413-62E8-4E45-A508-45B755EC491B}.Debug|Any CPU.ActiveCfg = Debug|Any CPU
		{4C656413-62E8-4E45-A508-45B755EC491B}.Debug|Any CPU.Build.0 = Debug|Any CPU
		{4C656413-62E8-4E45-A508-45B755EC491B}.Debug|iPhone.ActiveCfg = Debug|Any CPU
		{4C656413-62E8-4E45-A508-45B755EC491B}.Debug|iPhone.Build.0 = Debug|Any CPU
		{4C656413-62E8-4E45-A508-45B755EC491B}.Debug|iPhoneSimulator.ActiveCfg = Debug|Any CPU
		{4C656413-62E8-4E45-A508-45B755EC491B}.Debug|iPhoneSimulator.Build.0 = Debug|Any CPU
		{4C656413-62E8-4E45-A508-45B755EC491B}.Release|Any CPU.ActiveCfg = Release|Any CPU
		{4C656413-62E8-4E45-A508-45B755EC491B}.Release|Any CPU.Build.0 = Release|Any CPU
		{4C656413-62E8-4E45-A508-45B755EC491B}.Release|iPhone.ActiveCfg = Release|Any CPU
		{4C656413-62E8-4E45-A508-45B755EC491B}.Release|iPhone.Build.0 = Release|Any CPU
		{4C656413-62E8-4E45-A508-45B755EC491B}.Release|iPhoneSimulator.ActiveCfg = Release|Any CPU
		{4C656413-62E8-4E45-A508-45B755EC491B}.Release|iPhoneSimulator.Build.0 = Release|Any CPU
		{DEACFCCD-E25F-442A-91CA-7A62827F587F}.Debug|Any CPU.ActiveCfg = Debug|Any CPU
		{DEACFCCD-E25F-442A-91CA-7A62827F587F}.Debug|Any CPU.Build.0 = Debug|Any CPU
		{DEACFCCD-E25F-442A-91CA-7A62827F587F}.Debug|iPhone.ActiveCfg = Debug|Any CPU
		{DEACFCCD-E25F-442A-91CA-7A62827F587F}.Debug|iPhone.Build.0 = Debug|Any CPU
		{DEACFCCD-E25F-442A-91CA-7A62827F587F}.Debug|iPhoneSimulator.ActiveCfg = Debug|Any CPU
		{DEACFCCD-E25F-442A-91CA-7A62827F587F}.Debug|iPhoneSimulator.Build.0 = Debug|Any CPU
		{DEACFCCD-E25F-442A-91CA-7A62827F587F}.Release|Any CPU.ActiveCfg = Release|Any CPU
		{DEACFCCD-E25F-442A-91CA-7A62827F587F}.Release|Any CPU.Build.0 = Release|Any CPU
		{DEACFCCD-E25F-442A-91CA-7A62827F587F}.Release|iPhone.ActiveCfg = Release|Any CPU
		{DEACFCCD-E25F-442A-91CA-7A62827F587F}.Release|iPhone.Build.0 = Release|Any CPU
		{DEACFCCD-E25F-442A-91CA-7A62827F587F}.Release|iPhoneSimulator.ActiveCfg = Release|Any CPU
		{DEACFCCD-E25F-442A-91CA-7A62827F587F}.Release|iPhoneSimulator.Build.0 = Release|Any CPU
	EndGlobalSection
	GlobalSection(SolutionProperties) = preSolution
		HideSolutionNode = FALSE
	EndGlobalSection
	GlobalSection(ExtensibilityGlobals) = postSolution
		SolutionGuid = {556CF317-DD9C-404C-8F6E-53B491DAB3EB}
	EndGlobalSection
EndGlobal
