
Microsoft Visual Studio Solution File, Format Version 12.00
# Visual Studio Version 16
VisualStudioVersion = 16.0.31025.194
MinimumVisualStudioVersion = 10.0.40219.1
Project("{9A19103F-16F7-4668-BE54-9A1E7A4F7556}") = "MyMarket", "MyMarket\MyMarket.csproj", "{A6288580-6005-4D4C-B3B8-F8117FB46A46}"
EndProject
Project("{9A19103F-16F7-4668-BE54-9A1E7A4F7556}") = "MyLib", "MyLib\MyLib.csproj", "{2CA7E951-8EED-44FA-B4CA-C6643B63BC61}"
EndProject
Project("{2150E333-8FDC-42A3-9474-1A3956D46DE8}") = "Solution Items", "Solution Items", "{858FDEE9-2C0E-47D7-861F-5758D1875057}"
	ProjectSection(SolutionItems) = preProject
		.editorconfig = .editorconfig
	EndProjectSection
EndProject
Project("{9A19103F-16F7-4668-BE54-9A1E7A4F7556}") = "MyWebAPI", "MyWebAPI\MyWebAPI.csproj", "{14980EEF-6126-47B2-8D6E-D955AC2900CF}"
EndProject
Project("{FAE04EC0-301F-11D3-BF4B-00C04F79EFBC}") = "MarketMobileApp.Android", "MarketMobileApp\MarketMobileApp.Android\MarketMobileApp.Android.csproj", "{4A31CFEB-1740-45AA-B18B-F164EC87E36C}"
EndProject
Project("{FAE04EC0-301F-11D3-BF4B-00C04F79EFBC}") = "MarketMobileApp.iOS", "MarketMobileApp\MarketMobileApp.iOS\MarketMobileApp.iOS.csproj", "{0AD32643-E930-43D9-9CF9-CB65B2FC9620}"
EndProject
Project("{9A19103F-16F7-4668-BE54-9A1E7A4F7556}") = "MarketMobileApp", "MarketMobileApp\MarketMobileApp\MarketMobileApp.csproj", "{287D51CE-F78C-4993-97DE-0E232E6F5B05}"
EndProject
Project("{9A19103F-16F7-4668-BE54-9A1E7A4F7556}") = "Market_BootstrapBlazor.Server", "Market_BootstrapBlazor\Market_BootstrapBlazor.Server\Market_BootstrapBlazor.Server.csproj", "{0EED98AB-EE4F-4FF6-8E7E-54AF334F24B9}"
EndProject
Project("{9A19103F-16F7-4668-BE54-9A1E7A4F7556}") = "Market_BootstrapBlazor.WebAssembly", "Market_BootstrapBlazor\Market_BootstrapBlazor.WebAssembly\Market_BootstrapBlazor.WebAssembly.csproj", "{37F498B1-B698-4EB4-9EF4-BE0714EB6698}"
EndProject
Project("{9A19103F-16F7-4668-BE54-9A1E7A4F7556}") = "Market_BootstrapBlazor.Shared", "Market_BootstrapBlazor\Market_BootstrapBlazor.Shared\Market_BootstrapBlazor.Shared.csproj", "{117AD515-B42C-4DCE-820D-90568A0B409A}"
EndProject
Global
	GlobalSection(SolutionConfigurationPlatforms) = preSolution
		Ad-Hoc|Any CPU = Ad-Hoc|Any CPU
		Ad-Hoc|ARM = Ad-Hoc|ARM
		Ad-Hoc|ARM64 = Ad-Hoc|ARM64
		Ad-Hoc|iPhone = Ad-Hoc|iPhone
		Ad-Hoc|iPhoneSimulator = Ad-Hoc|iPhoneSimulator
		Ad-Hoc|x64 = Ad-Hoc|x64
		Ad-Hoc|x86 = Ad-Hoc|x86
		AppStore|Any CPU = AppStore|Any CPU
		AppStore|ARM = AppStore|ARM
		AppStore|ARM64 = AppStore|ARM64
		AppStore|iPhone = AppStore|iPhone
		AppStore|iPhoneSimulator = AppStore|iPhoneSimulator
		AppStore|x64 = AppStore|x64
		AppStore|x86 = AppStore|x86
		Debug|Any CPU = Debug|Any CPU
		Debug|ARM = Debug|ARM
		Debug|ARM64 = Debug|ARM64
		Debug|iPhone = Debug|iPhone
		Debug|iPhoneSimulator = Debug|iPhoneSimulator
		Debug|x64 = Debug|x64
		Debug|x86 = Debug|x86
		Release|Any CPU = Release|Any CPU
		Release|ARM = Release|ARM
		Release|ARM64 = Release|ARM64
		Release|iPhone = Release|iPhone
		Release|iPhoneSimulator = Release|iPhoneSimulator
		Release|x64 = Release|x64
		Release|x86 = Release|x86
	EndGlobalSection
	GlobalSection(ProjectConfigurationPlatforms) = postSolution
		{A6288580-6005-4D4C-B3B8-F8117FB46A46}.Ad-Hoc|Any CPU.ActiveCfg = Release|Any CPU
		{A6288580-6005-4D4C-B3B8-F8117FB46A46}.Ad-Hoc|Any CPU.Build.0 = Release|Any CPU
		{A6288580-6005-4D4C-B3B8-F8117FB46A46}.Ad-Hoc|ARM.ActiveCfg = Release|Any CPU
		{A6288580-6005-4D4C-B3B8-F8117FB46A46}.Ad-Hoc|ARM.Build.0 = Release|Any CPU
		{A6288580-6005-4D4C-B3B8-F8117FB46A46}.Ad-Hoc|ARM64.ActiveCfg = Release|Any CPU
		{A6288580-6005-4D4C-B3B8-F8117FB46A46}.Ad-Hoc|ARM64.Build.0 = Release|Any CPU
		{A6288580-6005-4D4C-B3B8-F8117FB46A46}.Ad-Hoc|iPhone.ActiveCfg = Release|Any CPU
		{A6288580-6005-4D4C-B3B8-F8117FB46A46}.Ad-Hoc|iPhone.Build.0 = Release|Any CPU
		{A6288580-6005-4D4C-B3B8-F8117FB46A46}.Ad-Hoc|iPhoneSimulator.ActiveCfg = Release|Any CPU
		{A6288580-6005-4D4C-B3B8-F8117FB46A46}.Ad-Hoc|iPhoneSimulator.Build.0 = Release|Any CPU
		{A6288580-6005-4D4C-B3B8-F8117FB46A46}.Ad-Hoc|x64.ActiveCfg = Release|Any CPU
		{A6288580-6005-4D4C-B3B8-F8117FB46A46}.Ad-Hoc|x64.Build.0 = Release|Any CPU
		{A6288580-6005-4D4C-B3B8-F8117FB46A46}.Ad-Hoc|x86.ActiveCfg = Release|Any CPU
		{A6288580-6005-4D4C-B3B8-F8117FB46A46}.Ad-Hoc|x86.Build.0 = Release|Any CPU
		{A6288580-6005-4D4C-B3B8-F8117FB46A46}.AppStore|Any CPU.ActiveCfg = Release|Any CPU
		{A6288580-6005-4D4C-B3B8-F8117FB46A46}.AppStore|Any CPU.Build.0 = Release|Any CPU
		{A6288580-6005-4D4C-B3B8-F8117FB46A46}.AppStore|ARM.ActiveCfg = Release|Any CPU
		{A6288580-6005-4D4C-B3B8-F8117FB46A46}.AppStore|ARM.Build.0 = Release|Any CPU
		{A6288580-6005-4D4C-B3B8-F8117FB46A46}.AppStore|ARM64.ActiveCfg = Release|Any CPU
		{A6288580-6005-4D4C-B3B8-F8117FB46A46}.AppStore|ARM64.Build.0 = Release|Any CPU
		{A6288580-6005-4D4C-B3B8-F8117FB46A46}.AppStore|iPhone.ActiveCfg = Release|Any CPU
		{A6288580-6005-4D4C-B3B8-F8117FB46A46}.AppStore|iPhone.Build.0 = Release|Any CPU
		{A6288580-6005-4D4C-B3B8-F8117FB46A46}.AppStore|iPhoneSimulator.ActiveCfg = Release|Any CPU
		{A6288580-6005-4D4C-B3B8-F8117FB46A46}.AppStore|iPhoneSimulator.Build.0 = Release|Any CPU
		{A6288580-6005-4D4C-B3B8-F8117FB46A46}.AppStore|x64.ActiveCfg = Release|Any CPU
		{A6288580-6005-4D4C-B3B8-F8117FB46A46}.AppStore|x64.Build.0 = Release|Any CPU
		{A6288580-6005-4D4C-B3B8-F8117FB46A46}.AppStore|x86.ActiveCfg = Release|Any CPU
		{A6288580-6005-4D4C-B3B8-F8117FB46A46}.AppStore|x86.Build.0 = Release|Any CPU
		{A6288580-6005-4D4C-B3B8-F8117FB46A46}.Debug|Any CPU.ActiveCfg = Debug|Any CPU
		{A6288580-6005-4D4C-B3B8-F8117FB46A46}.Debug|Any CPU.Build.0 = Debug|Any CPU
		{A6288580-6005-4D4C-B3B8-F8117FB46A46}.Debug|ARM.ActiveCfg = Debug|Any CPU
		{A6288580-6005-4D4C-B3B8-F8117FB46A46}.Debug|ARM.Build.0 = Debug|Any CPU
		{A6288580-6005-4D4C-B3B8-F8117FB46A46}.Debug|ARM64.ActiveCfg = Debug|Any CPU
		{A6288580-6005-4D4C-B3B8-F8117FB46A46}.Debug|ARM64.Build.0 = Debug|Any CPU
		{A6288580-6005-4D4C-B3B8-F8117FB46A46}.Debug|iPhone.ActiveCfg = Debug|Any CPU
		{A6288580-6005-4D4C-B3B8-F8117FB46A46}.Debug|iPhone.Build.0 = Debug|Any CPU
		{A6288580-6005-4D4C-B3B8-F8117FB46A46}.Debug|iPhoneSimulator.ActiveCfg = Debug|Any CPU
		{A6288580-6005-4D4C-B3B8-F8117FB46A46}.Debug|iPhoneSimulator.Build.0 = Debug|Any CPU
		{A6288580-6005-4D4C-B3B8-F8117FB46A46}.Debug|x64.ActiveCfg = Debug|Any CPU
		{A6288580-6005-4D4C-B3B8-F8117FB46A46}.Debug|x64.Build.0 = Debug|Any CPU
		{A6288580-6005-4D4C-B3B8-F8117FB46A46}.Debug|x86.ActiveCfg = Debug|Any CPU
		{A6288580-6005-4D4C-B3B8-F8117FB46A46}.Debug|x86.Build.0 = Debug|Any CPU
		{A6288580-6005-4D4C-B3B8-F8117FB46A46}.Release|Any CPU.ActiveCfg = Release|Any CPU
		{A6288580-6005-4D4C-B3B8-F8117FB46A46}.Release|Any CPU.Build.0 = Release|Any CPU
		{A6288580-6005-4D4C-B3B8-F8117FB46A46}.Release|ARM.ActiveCfg = Release|Any CPU
		{A6288580-6005-4D4C-B3B8-F8117FB46A46}.Release|ARM.Build.0 = Release|Any CPU
		{A6288580-6005-4D4C-B3B8-F8117FB46A46}.Release|ARM64.ActiveCfg = Release|Any CPU
		{A6288580-6005-4D4C-B3B8-F8117FB46A46}.Release|ARM64.Build.0 = Release|Any CPU
		{A6288580-6005-4D4C-B3B8-F8117FB46A46}.Release|iPhone.ActiveCfg = Release|Any CPU
		{A6288580-6005-4D4C-B3B8-F8117FB46A46}.Release|iPhone.Build.0 = Release|Any CPU
		{A6288580-6005-4D4C-B3B8-F8117FB46A46}.Release|iPhoneSimulator.ActiveCfg = Release|Any CPU
		{A6288580-6005-4D4C-B3B8-F8117FB46A46}.Release|iPhoneSimulator.Build.0 = Release|Any CPU
		{A6288580-6005-4D4C-B3B8-F8117FB46A46}.Release|x64.ActiveCfg = Release|Any CPU
		{A6288580-6005-4D4C-B3B8-F8117FB46A46}.Release|x64.Build.0 = Release|Any CPU
		{A6288580-6005-4D4C-B3B8-F8117FB46A46}.Release|x86.ActiveCfg = Release|Any CPU
		{A6288580-6005-4D4C-B3B8-F8117FB46A46}.Release|x86.Build.0 = Release|Any CPU
		{2CA7E951-8EED-44FA-B4CA-C6643B63BC61}.Ad-Hoc|Any CPU.ActiveCfg = Release|Any CPU
		{2CA7E951-8EED-44FA-B4CA-C6643B63BC61}.Ad-Hoc|Any CPU.Build.0 = Release|Any CPU
		{2CA7E951-8EED-44FA-B4CA-C6643B63BC61}.Ad-Hoc|ARM.ActiveCfg = Release|Any CPU
		{2CA7E951-8EED-44FA-B4CA-C6643B63BC61}.Ad-Hoc|ARM.Build.0 = Release|Any CPU
		{2CA7E951-8EED-44FA-B4CA-C6643B63BC61}.Ad-Hoc|ARM64.ActiveCfg = Release|Any CPU
		{2CA7E951-8EED-44FA-B4CA-C6643B63BC61}.Ad-Hoc|ARM64.Build.0 = Release|Any CPU
		{2CA7E951-8EED-44FA-B4CA-C6643B63BC61}.Ad-Hoc|iPhone.ActiveCfg = Release|Any CPU
		{2CA7E951-8EED-44FA-B4CA-C6643B63BC61}.Ad-Hoc|iPhone.Build.0 = Release|Any CPU
		{2CA7E951-8EED-44FA-B4CA-C6643B63BC61}.Ad-Hoc|iPhoneSimulator.ActiveCfg = Release|Any CPU
		{2CA7E951-8EED-44FA-B4CA-C6643B63BC61}.Ad-Hoc|iPhoneSimulator.Build.0 = Release|Any CPU
		{2CA7E951-8EED-44FA-B4CA-C6643B63BC61}.Ad-Hoc|x64.ActiveCfg = Release|Any CPU
		{2CA7E951-8EED-44FA-B4CA-C6643B63BC61}.Ad-Hoc|x64.Build.0 = Release|Any CPU
		{2CA7E951-8EED-44FA-B4CA-C6643B63BC61}.Ad-Hoc|x86.ActiveCfg = Release|Any CPU
		{2CA7E951-8EED-44FA-B4CA-C6643B63BC61}.Ad-Hoc|x86.Build.0 = Release|Any CPU
		{2CA7E951-8EED-44FA-B4CA-C6643B63BC61}.AppStore|Any CPU.ActiveCfg = Release|Any CPU
		{2CA7E951-8EED-44FA-B4CA-C6643B63BC61}.AppStore|Any CPU.Build.0 = Release|Any CPU
		{2CA7E951-8EED-44FA-B4CA-C6643B63BC61}.AppStore|ARM.ActiveCfg = Release|Any CPU
		{2CA7E951-8EED-44FA-B4CA-C6643B63BC61}.AppStore|ARM.Build.0 = Release|Any CPU
		{2CA7E951-8EED-44FA-B4CA-C6643B63BC61}.AppStore|ARM64.ActiveCfg = Release|Any CPU
		{2CA7E951-8EED-44FA-B4CA-C6643B63BC61}.AppStore|ARM64.Build.0 = Release|Any CPU
		{2CA7E951-8EED-44FA-B4CA-C6643B63BC61}.AppStore|iPhone.ActiveCfg = Release|Any CPU
		{2CA7E951-8EED-44FA-B4CA-C6643B63BC61}.AppStore|iPhone.Build.0 = Release|Any CPU
		{2CA7E951-8EED-44FA-B4CA-C6643B63BC61}.AppStore|iPhoneSimulator.ActiveCfg = Release|Any CPU
		{2CA7E951-8EED-44FA-B4CA-C6643B63BC61}.AppStore|iPhoneSimulator.Build.0 = Release|Any CPU
		{2CA7E951-8EED-44FA-B4CA-C6643B63BC61}.AppStore|x64.ActiveCfg = Release|Any CPU
		{2CA7E951-8EED-44FA-B4CA-C6643B63BC61}.AppStore|x64.Build.0 = Release|Any CPU
		{2CA7E951-8EED-44FA-B4CA-C6643B63BC61}.AppStore|x86.ActiveCfg = Release|Any CPU
		{2CA7E951-8EED-44FA-B4CA-C6643B63BC61}.AppStore|x86.Build.0 = Release|Any CPU
		{2CA7E951-8EED-44FA-B4CA-C6643B63BC61}.Debug|Any CPU.ActiveCfg = Debug|Any CPU
		{2CA7E951-8EED-44FA-B4CA-C6643B63BC61}.Debug|Any CPU.Build.0 = Debug|Any CPU
		{2CA7E951-8EED-44FA-B4CA-C6643B63BC61}.Debug|ARM.ActiveCfg = Debug|Any CPU
		{2CA7E951-8EED-44FA-B4CA-C6643B63BC61}.Debug|ARM.Build.0 = Debug|Any CPU
		{2CA7E951-8EED-44FA-B4CA-C6643B63BC61}.Debug|ARM64.ActiveCfg = Debug|Any CPU
		{2CA7E951-8EED-44FA-B4CA-C6643B63BC61}.Debug|ARM64.Build.0 = Debug|Any CPU
		{2CA7E951-8EED-44FA-B4CA-C6643B63BC61}.Debug|iPhone.ActiveCfg = Debug|Any CPU
		{2CA7E951-8EED-44FA-B4CA-C6643B63BC61}.Debug|iPhone.Build.0 = Debug|Any CPU
		{2CA7E951-8EED-44FA-B4CA-C6643B63BC61}.Debug|iPhoneSimulator.ActiveCfg = Debug|Any CPU
		{2CA7E951-8EED-44FA-B4CA-C6643B63BC61}.Debug|iPhoneSimulator.Build.0 = Debug|Any CPU
		{2CA7E951-8EED-44FA-B4CA-C6643B63BC61}.Debug|x64.ActiveCfg = Debug|Any CPU
		{2CA7E951-8EED-44FA-B4CA-C6643B63BC61}.Debug|x64.Build.0 = Debug|Any CPU
		{2CA7E951-8EED-44FA-B4CA-C6643B63BC61}.Debug|x86.ActiveCfg = Debug|Any CPU
		{2CA7E951-8EED-44FA-B4CA-C6643B63BC61}.Debug|x86.Build.0 = Debug|Any CPU
		{2CA7E951-8EED-44FA-B4CA-C6643B63BC61}.Release|Any CPU.ActiveCfg = Release|Any CPU
		{2CA7E951-8EED-44FA-B4CA-C6643B63BC61}.Release|Any CPU.Build.0 = Release|Any CPU
		{2CA7E951-8EED-44FA-B4CA-C6643B63BC61}.Release|ARM.ActiveCfg = Release|Any CPU
		{2CA7E951-8EED-44FA-B4CA-C6643B63BC61}.Release|ARM.Build.0 = Release|Any CPU
		{2CA7E951-8EED-44FA-B4CA-C6643B63BC61}.Release|ARM64.ActiveCfg = Release|Any CPU
		{2CA7E951-8EED-44FA-B4CA-C6643B63BC61}.Release|ARM64.Build.0 = Release|Any CPU
		{2CA7E951-8EED-44FA-B4CA-C6643B63BC61}.Release|iPhone.ActiveCfg = Release|Any CPU
		{2CA7E951-8EED-44FA-B4CA-C6643B63BC61}.Release|iPhone.Build.0 = Release|Any CPU
		{2CA7E951-8EED-44FA-B4CA-C6643B63BC61}.Release|iPhoneSimulator.ActiveCfg = Release|Any CPU
		{2CA7E951-8EED-44FA-B4CA-C6643B63BC61}.Release|iPhoneSimulator.Build.0 = Release|Any CPU
		{2CA7E951-8EED-44FA-B4CA-C6643B63BC61}.Release|x64.ActiveCfg = Release|Any CPU
		{2CA7E951-8EED-44FA-B4CA-C6643B63BC61}.Release|x64.Build.0 = Release|Any CPU
		{2CA7E951-8EED-44FA-B4CA-C6643B63BC61}.Release|x86.ActiveCfg = Release|Any CPU
		{2CA7E951-8EED-44FA-B4CA-C6643B63BC61}.Release|x86.Build.0 = Release|Any CPU
		{14980EEF-6126-47B2-8D6E-D955AC2900CF}.Ad-Hoc|Any CPU.ActiveCfg = Release|Any CPU
		{14980EEF-6126-47B2-8D6E-D955AC2900CF}.Ad-Hoc|Any CPU.Build.0 = Release|Any CPU
		{14980EEF-6126-47B2-8D6E-D955AC2900CF}.Ad-Hoc|ARM.ActiveCfg = Release|Any CPU
		{14980EEF-6126-47B2-8D6E-D955AC2900CF}.Ad-Hoc|ARM.Build.0 = Release|Any CPU
		{14980EEF-6126-47B2-8D6E-D955AC2900CF}.Ad-Hoc|ARM64.ActiveCfg = Release|Any CPU
		{14980EEF-6126-47B2-8D6E-D955AC2900CF}.Ad-Hoc|ARM64.Build.0 = Release|Any CPU
		{14980EEF-6126-47B2-8D6E-D955AC2900CF}.Ad-Hoc|iPhone.ActiveCfg = Release|Any CPU
		{14980EEF-6126-47B2-8D6E-D955AC2900CF}.Ad-Hoc|iPhone.Build.0 = Release|Any CPU
		{14980EEF-6126-47B2-8D6E-D955AC2900CF}.Ad-Hoc|iPhoneSimulator.ActiveCfg = Release|Any CPU
		{14980EEF-6126-47B2-8D6E-D955AC2900CF}.Ad-Hoc|iPhoneSimulator.Build.0 = Release|Any CPU
		{14980EEF-6126-47B2-8D6E-D955AC2900CF}.Ad-Hoc|x64.ActiveCfg = Release|Any CPU
		{14980EEF-6126-47B2-8D6E-D955AC2900CF}.Ad-Hoc|x64.Build.0 = Release|Any CPU
		{14980EEF-6126-47B2-8D6E-D955AC2900CF}.Ad-Hoc|x86.ActiveCfg = Release|Any CPU
		{14980EEF-6126-47B2-8D6E-D955AC2900CF}.Ad-Hoc|x86.Build.0 = Release|Any CPU
		{14980EEF-6126-47B2-8D6E-D955AC2900CF}.AppStore|Any CPU.ActiveCfg = Release|Any CPU
		{14980EEF-6126-47B2-8D6E-D955AC2900CF}.AppStore|Any CPU.Build.0 = Release|Any CPU
		{14980EEF-6126-47B2-8D6E-D955AC2900CF}.AppStore|ARM.ActiveCfg = Release|Any CPU
		{14980EEF-6126-47B2-8D6E-D955AC2900CF}.AppStore|ARM.Build.0 = Release|Any CPU
		{14980EEF-6126-47B2-8D6E-D955AC2900CF}.AppStore|ARM64.ActiveCfg = Release|Any CPU
		{14980EEF-6126-47B2-8D6E-D955AC2900CF}.AppStore|ARM64.Build.0 = Release|Any CPU
		{14980EEF-6126-47B2-8D6E-D955AC2900CF}.AppStore|iPhone.ActiveCfg = Release|Any CPU
		{14980EEF-6126-47B2-8D6E-D955AC2900CF}.AppStore|iPhone.Build.0 = Release|Any CPU
		{14980EEF-6126-47B2-8D6E-D955AC2900CF}.AppStore|iPhoneSimulator.ActiveCfg = Release|Any CPU
		{14980EEF-6126-47B2-8D6E-D955AC2900CF}.AppStore|iPhoneSimulator.Build.0 = Release|Any CPU
		{14980EEF-6126-47B2-8D6E-D955AC2900CF}.AppStore|x64.ActiveCfg = Release|Any CPU
		{14980EEF-6126-47B2-8D6E-D955AC2900CF}.AppStore|x64.Build.0 = Release|Any CPU
		{14980EEF-6126-47B2-8D6E-D955AC2900CF}.AppStore|x86.ActiveCfg = Release|Any CPU
		{14980EEF-6126-47B2-8D6E-D955AC2900CF}.AppStore|x86.Build.0 = Release|Any CPU
		{14980EEF-6126-47B2-8D6E-D955AC2900CF}.Debug|Any CPU.ActiveCfg = Debug|Any CPU
		{14980EEF-6126-47B2-8D6E-D955AC2900CF}.Debug|Any CPU.Build.0 = Debug|Any CPU
		{14980EEF-6126-47B2-8D6E-D955AC2900CF}.Debug|ARM.ActiveCfg = Debug|Any CPU
		{14980EEF-6126-47B2-8D6E-D955AC2900CF}.Debug|ARM.Build.0 = Debug|Any CPU
		{14980EEF-6126-47B2-8D6E-D955AC2900CF}.Debug|ARM64.ActiveCfg = Debug|Any CPU
		{14980EEF-6126-47B2-8D6E-D955AC2900CF}.Debug|ARM64.Build.0 = Debug|Any CPU
		{14980EEF-6126-47B2-8D6E-D955AC2900CF}.Debug|iPhone.ActiveCfg = Debug|Any CPU
		{14980EEF-6126-47B2-8D6E-D955AC2900CF}.Debug|iPhone.Build.0 = Debug|Any CPU
		{14980EEF-6126-47B2-8D6E-D955AC2900CF}.Debug|iPhoneSimulator.ActiveCfg = Debug|Any CPU
		{14980EEF-6126-47B2-8D6E-D955AC2900CF}.Debug|iPhoneSimulator.Build.0 = Debug|Any CPU
		{14980EEF-6126-47B2-8D6E-D955AC2900CF}.Debug|x64.ActiveCfg = Debug|Any CPU
		{14980EEF-6126-47B2-8D6E-D955AC2900CF}.Debug|x64.Build.0 = Debug|Any CPU
		{14980EEF-6126-47B2-8D6E-D955AC2900CF}.Debug|x86.ActiveCfg = Debug|Any CPU
		{14980EEF-6126-47B2-8D6E-D955AC2900CF}.Debug|x86.Build.0 = Debug|Any CPU
		{14980EEF-6126-47B2-8D6E-D955AC2900CF}.Release|Any CPU.ActiveCfg = Release|Any CPU
		{14980EEF-6126-47B2-8D6E-D955AC2900CF}.Release|Any CPU.Build.0 = Release|Any CPU
		{14980EEF-6126-47B2-8D6E-D955AC2900CF}.Release|ARM.ActiveCfg = Release|Any CPU
		{14980EEF-6126-47B2-8D6E-D955AC2900CF}.Release|ARM.Build.0 = Release|Any CPU
		{14980EEF-6126-47B2-8D6E-D955AC2900CF}.Release|ARM64.ActiveCfg = Release|Any CPU
		{14980EEF-6126-47B2-8D6E-D955AC2900CF}.Release|ARM64.Build.0 = Release|Any CPU
		{14980EEF-6126-47B2-8D6E-D955AC2900CF}.Release|iPhone.ActiveCfg = Release|Any CPU
		{14980EEF-6126-47B2-8D6E-D955AC2900CF}.Release|iPhone.Build.0 = Release|Any CPU
		{14980EEF-6126-47B2-8D6E-D955AC2900CF}.Release|iPhoneSimulator.ActiveCfg = Release|Any CPU
		{14980EEF-6126-47B2-8D6E-D955AC2900CF}.Release|iPhoneSimulator.Build.0 = Release|Any CPU
		{14980EEF-6126-47B2-8D6E-D955AC2900CF}.Release|x64.ActiveCfg = Release|Any CPU
		{14980EEF-6126-47B2-8D6E-D955AC2900CF}.Release|x64.Build.0 = Release|Any CPU
		{14980EEF-6126-47B2-8D6E-D955AC2900CF}.Release|x86.ActiveCfg = Release|Any CPU
		{14980EEF-6126-47B2-8D6E-D955AC2900CF}.Release|x86.Build.0 = Release|Any CPU
		{4A31CFEB-1740-45AA-B18B-F164EC87E36C}.Ad-Hoc|Any CPU.ActiveCfg = Release|Any CPU
		{4A31CFEB-1740-45AA-B18B-F164EC87E36C}.Ad-Hoc|Any CPU.Build.0 = Release|Any CPU
		{4A31CFEB-1740-45AA-B18B-F164EC87E36C}.Ad-Hoc|Any CPU.Deploy.0 = Release|Any CPU
		{4A31CFEB-1740-45AA-B18B-F164EC87E36C}.Ad-Hoc|ARM.ActiveCfg = Release|Any CPU
		{4A31CFEB-1740-45AA-B18B-F164EC87E36C}.Ad-Hoc|ARM.Build.0 = Release|Any CPU
		{4A31CFEB-1740-45AA-B18B-F164EC87E36C}.Ad-Hoc|ARM.Deploy.0 = Release|Any CPU
		{4A31CFEB-1740-45AA-B18B-F164EC87E36C}.Ad-Hoc|ARM64.ActiveCfg = Release|Any CPU
		{4A31CFEB-1740-45AA-B18B-F164EC87E36C}.Ad-Hoc|ARM64.Build.0 = Release|Any CPU
		{4A31CFEB-1740-45AA-B18B-F164EC87E36C}.Ad-Hoc|ARM64.Deploy.0 = Release|Any CPU
		{4A31CFEB-1740-45AA-B18B-F164EC87E36C}.Ad-Hoc|iPhone.ActiveCfg = Release|Any CPU
		{4A31CFEB-1740-45AA-B18B-F164EC87E36C}.Ad-Hoc|iPhone.Build.0 = Release|Any CPU
		{4A31CFEB-1740-45AA-B18B-F164EC87E36C}.Ad-Hoc|iPhone.Deploy.0 = Release|Any CPU
		{4A31CFEB-1740-45AA-B18B-F164EC87E36C}.Ad-Hoc|iPhoneSimulator.ActiveCfg = Release|Any CPU
		{4A31CFEB-1740-45AA-B18B-F164EC87E36C}.Ad-Hoc|iPhoneSimulator.Build.0 = Release|Any CPU
		{4A31CFEB-1740-45AA-B18B-F164EC87E36C}.Ad-Hoc|iPhoneSimulator.Deploy.0 = Release|Any CPU
		{4A31CFEB-1740-45AA-B18B-F164EC87E36C}.Ad-Hoc|x64.ActiveCfg = Release|Any CPU
		{4A31CFEB-1740-45AA-B18B-F164EC87E36C}.Ad-Hoc|x64.Build.0 = Release|Any CPU
		{4A31CFEB-1740-45AA-B18B-F164EC87E36C}.Ad-Hoc|x64.Deploy.0 = Release|Any CPU
		{4A31CFEB-1740-45AA-B18B-F164EC87E36C}.Ad-Hoc|x86.ActiveCfg = Release|Any CPU
		{4A31CFEB-1740-45AA-B18B-F164EC87E36C}.Ad-Hoc|x86.Build.0 = Release|Any CPU
		{4A31CFEB-1740-45AA-B18B-F164EC87E36C}.Ad-Hoc|x86.Deploy.0 = Release|Any CPU
		{4A31CFEB-1740-45AA-B18B-F164EC87E36C}.AppStore|Any CPU.ActiveCfg = Release|Any CPU
		{4A31CFEB-1740-45AA-B18B-F164EC87E36C}.AppStore|Any CPU.Build.0 = Release|Any CPU
		{4A31CFEB-1740-45AA-B18B-F164EC87E36C}.AppStore|Any CPU.Deploy.0 = Release|Any CPU
		{4A31CFEB-1740-45AA-B18B-F164EC87E36C}.AppStore|ARM.ActiveCfg = Release|Any CPU
		{4A31CFEB-1740-45AA-B18B-F164EC87E36C}.AppStore|ARM.Build.0 = Release|Any CPU
		{4A31CFEB-1740-45AA-B18B-F164EC87E36C}.AppStore|ARM.Deploy.0 = Release|Any CPU
		{4A31CFEB-1740-45AA-B18B-F164EC87E36C}.AppStore|ARM64.ActiveCfg = Release|Any CPU
		{4A31CFEB-1740-45AA-B18B-F164EC87E36C}.AppStore|ARM64.Build.0 = Release|Any CPU
		{4A31CFEB-1740-45AA-B18B-F164EC87E36C}.AppStore|ARM64.Deploy.0 = Release|Any CPU
		{4A31CFEB-1740-45AA-B18B-F164EC87E36C}.AppStore|iPhone.ActiveCfg = Release|Any CPU
		{4A31CFEB-1740-45AA-B18B-F164EC87E36C}.AppStore|iPhone.Build.0 = Release|Any CPU
		{4A31CFEB-1740-45AA-B18B-F164EC87E36C}.AppStore|iPhone.Deploy.0 = Release|Any CPU
		{4A31CFEB-1740-45AA-B18B-F164EC87E36C}.AppStore|iPhoneSimulator.ActiveCfg = Release|Any CPU
		{4A31CFEB-1740-45AA-B18B-F164EC87E36C}.AppStore|iPhoneSimulator.Build.0 = Release|Any CPU
		{4A31CFEB-1740-45AA-B18B-F164EC87E36C}.AppStore|iPhoneSimulator.Deploy.0 = Release|Any CPU
		{4A31CFEB-1740-45AA-B18B-F164EC87E36C}.AppStore|x64.ActiveCfg = Release|Any CPU
		{4A31CFEB-1740-45AA-B18B-F164EC87E36C}.AppStore|x64.Build.0 = Release|Any CPU
		{4A31CFEB-1740-45AA-B18B-F164EC87E36C}.AppStore|x64.Deploy.0 = Release|Any CPU
		{4A31CFEB-1740-45AA-B18B-F164EC87E36C}.AppStore|x86.ActiveCfg = Release|Any CPU
		{4A31CFEB-1740-45AA-B18B-F164EC87E36C}.AppStore|x86.Build.0 = Release|Any CPU
		{4A31CFEB-1740-45AA-B18B-F164EC87E36C}.AppStore|x86.Deploy.0 = Release|Any CPU
		{4A31CFEB-1740-45AA-B18B-F164EC87E36C}.Debug|Any CPU.ActiveCfg = Debug|Any CPU
		{4A31CFEB-1740-45AA-B18B-F164EC87E36C}.Debug|Any CPU.Build.0 = Debug|Any CPU
		{4A31CFEB-1740-45AA-B18B-F164EC87E36C}.Debug|Any CPU.Deploy.0 = Debug|Any CPU
		{4A31CFEB-1740-45AA-B18B-F164EC87E36C}.Debug|ARM.ActiveCfg = Debug|Any CPU
		{4A31CFEB-1740-45AA-B18B-F164EC87E36C}.Debug|ARM.Build.0 = Debug|Any CPU
		{4A31CFEB-1740-45AA-B18B-F164EC87E36C}.Debug|ARM.Deploy.0 = Debug|Any CPU
		{4A31CFEB-1740-45AA-B18B-F164EC87E36C}.Debug|ARM64.ActiveCfg = Debug|Any CPU
		{4A31CFEB-1740-45AA-B18B-F164EC87E36C}.Debug|ARM64.Build.0 = Debug|Any CPU
		{4A31CFEB-1740-45AA-B18B-F164EC87E36C}.Debug|ARM64.Deploy.0 = Debug|Any CPU
		{4A31CFEB-1740-45AA-B18B-F164EC87E36C}.Debug|iPhone.ActiveCfg = Debug|Any CPU
		{4A31CFEB-1740-45AA-B18B-F164EC87E36C}.Debug|iPhone.Build.0 = Debug|Any CPU
		{4A31CFEB-1740-45AA-B18B-F164EC87E36C}.Debug|iPhone.Deploy.0 = Debug|Any CPU
		{4A31CFEB-1740-45AA-B18B-F164EC87E36C}.Debug|iPhoneSimulator.ActiveCfg = Debug|Any CPU
		{4A31CFEB-1740-45AA-B18B-F164EC87E36C}.Debug|iPhoneSimulator.Build.0 = Debug|Any CPU
		{4A31CFEB-1740-45AA-B18B-F164EC87E36C}.Debug|iPhoneSimulator.Deploy.0 = Debug|Any CPU
		{4A31CFEB-1740-45AA-B18B-F164EC87E36C}.Debug|x64.ActiveCfg = Debug|Any CPU
		{4A31CFEB-1740-45AA-B18B-F164EC87E36C}.Debug|x64.Build.0 = Debug|Any CPU
		{4A31CFEB-1740-45AA-B18B-F164EC87E36C}.Debug|x64.Deploy.0 = Debug|Any CPU
		{4A31CFEB-1740-45AA-B18B-F164EC87E36C}.Debug|x86.ActiveCfg = Debug|Any CPU
		{4A31CFEB-1740-45AA-B18B-F164EC87E36C}.Debug|x86.Build.0 = Debug|Any CPU
		{4A31CFEB-1740-45AA-B18B-F164EC87E36C}.Debug|x86.Deploy.0 = Debug|Any CPU
		{4A31CFEB-1740-45AA-B18B-F164EC87E36C}.Release|Any CPU.ActiveCfg = Release|Any CPU
		{4A31CFEB-1740-45AA-B18B-F164EC87E36C}.Release|Any CPU.Build.0 = Release|Any CPU
		{4A31CFEB-1740-45AA-B18B-F164EC87E36C}.Release|Any CPU.Deploy.0 = Release|Any CPU
		{4A31CFEB-1740-45AA-B18B-F164EC87E36C}.Release|ARM.ActiveCfg = Release|Any CPU
		{4A31CFEB-1740-45AA-B18B-F164EC87E36C}.Release|ARM.Build.0 = Release|Any CPU
		{4A31CFEB-1740-45AA-B18B-F164EC87E36C}.Release|ARM.Deploy.0 = Release|Any CPU
		{4A31CFEB-1740-45AA-B18B-F164EC87E36C}.Release|ARM64.ActiveCfg = Release|Any CPU
		{4A31CFEB-1740-45AA-B18B-F164EC87E36C}.Release|ARM64.Build.0 = Release|Any CPU
		{4A31CFEB-1740-45AA-B18B-F164EC87E36C}.Release|ARM64.Deploy.0 = Release|Any CPU
		{4A31CFEB-1740-45AA-B18B-F164EC87E36C}.Release|iPhone.ActiveCfg = Release|Any CPU
		{4A31CFEB-1740-45AA-B18B-F164EC87E36C}.Release|iPhone.Build.0 = Release|Any CPU
		{4A31CFEB-1740-45AA-B18B-F164EC87E36C}.Release|iPhone.Deploy.0 = Release|Any CPU
		{4A31CFEB-1740-45AA-B18B-F164EC87E36C}.Release|iPhoneSimulator.ActiveCfg = Release|Any CPU
		{4A31CFEB-1740-45AA-B18B-F164EC87E36C}.Release|iPhoneSimulator.Build.0 = Release|Any CPU
		{4A31CFEB-1740-45AA-B18B-F164EC87E36C}.Release|iPhoneSimulator.Deploy.0 = Release|Any CPU
		{4A31CFEB-1740-45AA-B18B-F164EC87E36C}.Release|x64.ActiveCfg = Release|Any CPU
		{4A31CFEB-1740-45AA-B18B-F164EC87E36C}.Release|x64.Build.0 = Release|Any CPU
		{4A31CFEB-1740-45AA-B18B-F164EC87E36C}.Release|x64.Deploy.0 = Release|Any CPU
		{4A31CFEB-1740-45AA-B18B-F164EC87E36C}.Release|x86.ActiveCfg = Release|Any CPU
		{4A31CFEB-1740-45AA-B18B-F164EC87E36C}.Release|x86.Build.0 = Release|Any CPU
		{4A31CFEB-1740-45AA-B18B-F164EC87E36C}.Release|x86.Deploy.0 = Release|Any CPU
		{0AD32643-E930-43D9-9CF9-CB65B2FC9620}.Ad-Hoc|Any CPU.ActiveCfg = Release|iPhone
		{0AD32643-E930-43D9-9CF9-CB65B2FC9620}.Ad-Hoc|Any CPU.Build.0 = Release|iPhone
		{0AD32643-E930-43D9-9CF9-CB65B2FC9620}.Ad-Hoc|ARM.ActiveCfg = Release|iPhone
		{0AD32643-E930-43D9-9CF9-CB65B2FC9620}.Ad-Hoc|ARM.Build.0 = Release|iPhone
		{0AD32643-E930-43D9-9CF9-CB65B2FC9620}.Ad-Hoc|ARM64.ActiveCfg = Release|iPhone
		{0AD32643-E930-43D9-9CF9-CB65B2FC9620}.Ad-Hoc|ARM64.Build.0 = Release|iPhone
		{0AD32643-E930-43D9-9CF9-CB65B2FC9620}.Ad-Hoc|iPhone.ActiveCfg = Release|iPhone
		{0AD32643-E930-43D9-9CF9-CB65B2FC9620}.Ad-Hoc|iPhone.Build.0 = Release|iPhone
		{0AD32643-E930-43D9-9CF9-CB65B2FC9620}.Ad-Hoc|iPhoneSimulator.ActiveCfg = Release|iPhoneSimulator
		{0AD32643-E930-43D9-9CF9-CB65B2FC9620}.Ad-Hoc|iPhoneSimulator.Build.0 = Release|iPhoneSimulator
		{0AD32643-E930-43D9-9CF9-CB65B2FC9620}.Ad-Hoc|x64.ActiveCfg = Release|iPhone
		{0AD32643-E930-43D9-9CF9-CB65B2FC9620}.Ad-Hoc|x64.Build.0 = Release|iPhone
		{0AD32643-E930-43D9-9CF9-CB65B2FC9620}.Ad-Hoc|x86.ActiveCfg = Release|iPhone
		{0AD32643-E930-43D9-9CF9-CB65B2FC9620}.Ad-Hoc|x86.Build.0 = Release|iPhone
		{0AD32643-E930-43D9-9CF9-CB65B2FC9620}.AppStore|Any CPU.ActiveCfg = Release|iPhone
		{0AD32643-E930-43D9-9CF9-CB65B2FC9620}.AppStore|Any CPU.Build.0 = Release|iPhone
		{0AD32643-E930-43D9-9CF9-CB65B2FC9620}.AppStore|ARM.ActiveCfg = Release|iPhone
		{0AD32643-E930-43D9-9CF9-CB65B2FC9620}.AppStore|ARM.Build.0 = Release|iPhone
		{0AD32643-E930-43D9-9CF9-CB65B2FC9620}.AppStore|ARM64.ActiveCfg = Release|iPhone
		{0AD32643-E930-43D9-9CF9-CB65B2FC9620}.AppStore|ARM64.Build.0 = Release|iPhone
		{0AD32643-E930-43D9-9CF9-CB65B2FC9620}.AppStore|iPhone.ActiveCfg = Release|iPhone
		{0AD32643-E930-43D9-9CF9-CB65B2FC9620}.AppStore|iPhone.Build.0 = Release|iPhone
		{0AD32643-E930-43D9-9CF9-CB65B2FC9620}.AppStore|iPhoneSimulator.ActiveCfg = Release|iPhoneSimulator
		{0AD32643-E930-43D9-9CF9-CB65B2FC9620}.AppStore|iPhoneSimulator.Build.0 = Release|iPhoneSimulator
		{0AD32643-E930-43D9-9CF9-CB65B2FC9620}.AppStore|x64.ActiveCfg = Release|iPhone
		{0AD32643-E930-43D9-9CF9-CB65B2FC9620}.AppStore|x64.Build.0 = Release|iPhone
		{0AD32643-E930-43D9-9CF9-CB65B2FC9620}.AppStore|x86.ActiveCfg = Release|iPhone
		{0AD32643-E930-43D9-9CF9-CB65B2FC9620}.AppStore|x86.Build.0 = Release|iPhone
		{0AD32643-E930-43D9-9CF9-CB65B2FC9620}.Debug|Any CPU.ActiveCfg = Debug|iPhoneSimulator
		{0AD32643-E930-43D9-9CF9-CB65B2FC9620}.Debug|ARM.ActiveCfg = Debug|iPhone
		{0AD32643-E930-43D9-9CF9-CB65B2FC9620}.Debug|ARM64.ActiveCfg = Debug|iPhone
		{0AD32643-E930-43D9-9CF9-CB65B2FC9620}.Debug|iPhone.ActiveCfg = Debug|iPhone
		{0AD32643-E930-43D9-9CF9-CB65B2FC9620}.Debug|iPhone.Build.0 = Debug|iPhone
		{0AD32643-E930-43D9-9CF9-CB65B2FC9620}.Debug|iPhoneSimulator.ActiveCfg = Debug|iPhoneSimulator
		{0AD32643-E930-43D9-9CF9-CB65B2FC9620}.Debug|iPhoneSimulator.Build.0 = Debug|iPhoneSimulator
		{0AD32643-E930-43D9-9CF9-CB65B2FC9620}.Debug|x64.ActiveCfg = Debug|iPhone
		{0AD32643-E930-43D9-9CF9-CB65B2FC9620}.Debug|x86.ActiveCfg = Debug|iPhone
		{0AD32643-E930-43D9-9CF9-CB65B2FC9620}.Release|Any CPU.ActiveCfg = Release|iPhoneSimulator
		{0AD32643-E930-43D9-9CF9-CB65B2FC9620}.Release|ARM.ActiveCfg = Release|iPhone
		{0AD32643-E930-43D9-9CF9-CB65B2FC9620}.Release|ARM64.ActiveCfg = Release|iPhone
		{0AD32643-E930-43D9-9CF9-CB65B2FC9620}.Release|iPhone.ActiveCfg = Release|iPhone
		{0AD32643-E930-43D9-9CF9-CB65B2FC9620}.Release|iPhone.Build.0 = Release|iPhone
		{0AD32643-E930-43D9-9CF9-CB65B2FC9620}.Release|iPhoneSimulator.ActiveCfg = Release|iPhoneSimulator
		{0AD32643-E930-43D9-9CF9-CB65B2FC9620}.Release|iPhoneSimulator.Build.0 = Release|iPhoneSimulator
		{0AD32643-E930-43D9-9CF9-CB65B2FC9620}.Release|x64.ActiveCfg = Release|iPhone
		{0AD32643-E930-43D9-9CF9-CB65B2FC9620}.Release|x86.ActiveCfg = Release|iPhone
		{287D51CE-F78C-4993-97DE-0E232E6F5B05}.Ad-Hoc|Any CPU.ActiveCfg = Release|Any CPU
		{287D51CE-F78C-4993-97DE-0E232E6F5B05}.Ad-Hoc|Any CPU.Build.0 = Release|Any CPU
		{287D51CE-F78C-4993-97DE-0E232E6F5B05}.Ad-Hoc|ARM.ActiveCfg = Release|Any CPU
		{287D51CE-F78C-4993-97DE-0E232E6F5B05}.Ad-Hoc|ARM.Build.0 = Release|Any CPU
		{287D51CE-F78C-4993-97DE-0E232E6F5B05}.Ad-Hoc|ARM64.ActiveCfg = Release|Any CPU
		{287D51CE-F78C-4993-97DE-0E232E6F5B05}.Ad-Hoc|ARM64.Build.0 = Release|Any CPU
		{287D51CE-F78C-4993-97DE-0E232E6F5B05}.Ad-Hoc|iPhone.ActiveCfg = Release|Any CPU
		{287D51CE-F78C-4993-97DE-0E232E6F5B05}.Ad-Hoc|iPhone.Build.0 = Release|Any CPU
		{287D51CE-F78C-4993-97DE-0E232E6F5B05}.Ad-Hoc|iPhoneSimulator.ActiveCfg = Release|Any CPU
		{287D51CE-F78C-4993-97DE-0E232E6F5B05}.Ad-Hoc|iPhoneSimulator.Build.0 = Release|Any CPU
		{287D51CE-F78C-4993-97DE-0E232E6F5B05}.Ad-Hoc|x64.ActiveCfg = Release|Any CPU
		{287D51CE-F78C-4993-97DE-0E232E6F5B05}.Ad-Hoc|x64.Build.0 = Release|Any CPU
		{287D51CE-F78C-4993-97DE-0E232E6F5B05}.Ad-Hoc|x86.ActiveCfg = Release|Any CPU
		{287D51CE-F78C-4993-97DE-0E232E6F5B05}.Ad-Hoc|x86.Build.0 = Release|Any CPU
		{287D51CE-F78C-4993-97DE-0E232E6F5B05}.AppStore|Any CPU.ActiveCfg = Release|Any CPU
		{287D51CE-F78C-4993-97DE-0E232E6F5B05}.AppStore|Any CPU.Build.0 = Release|Any CPU
		{287D51CE-F78C-4993-97DE-0E232E6F5B05}.AppStore|ARM.ActiveCfg = Release|Any CPU
		{287D51CE-F78C-4993-97DE-0E232E6F5B05}.AppStore|ARM.Build.0 = Release|Any CPU
		{287D51CE-F78C-4993-97DE-0E232E6F5B05}.AppStore|ARM64.ActiveCfg = Release|Any CPU
		{287D51CE-F78C-4993-97DE-0E232E6F5B05}.AppStore|ARM64.Build.0 = Release|Any CPU
		{287D51CE-F78C-4993-97DE-0E232E6F5B05}.AppStore|iPhone.ActiveCfg = Release|Any CPU
		{287D51CE-F78C-4993-97DE-0E232E6F5B05}.AppStore|iPhone.Build.0 = Release|Any CPU
		{287D51CE-F78C-4993-97DE-0E232E6F5B05}.AppStore|iPhoneSimulator.ActiveCfg = Release|Any CPU
		{287D51CE-F78C-4993-97DE-0E232E6F5B05}.AppStore|iPhoneSimulator.Build.0 = Release|Any CPU
		{287D51CE-F78C-4993-97DE-0E232E6F5B05}.AppStore|x64.ActiveCfg = Release|Any CPU
		{287D51CE-F78C-4993-97DE-0E232E6F5B05}.AppStore|x64.Build.0 = Release|Any CPU
		{287D51CE-F78C-4993-97DE-0E232E6F5B05}.AppStore|x86.ActiveCfg = Release|Any CPU
		{287D51CE-F78C-4993-97DE-0E232E6F5B05}.AppStore|x86.Build.0 = Release|Any CPU
		{287D51CE-F78C-4993-97DE-0E232E6F5B05}.Debug|Any CPU.ActiveCfg = Debug|Any CPU
		{287D51CE-F78C-4993-97DE-0E232E6F5B05}.Debug|Any CPU.Build.0 = Debug|Any CPU
		{287D51CE-F78C-4993-97DE-0E232E6F5B05}.Debug|ARM.ActiveCfg = Debug|Any CPU
		{287D51CE-F78C-4993-97DE-0E232E6F5B05}.Debug|ARM.Build.0 = Debug|Any CPU
		{287D51CE-F78C-4993-97DE-0E232E6F5B05}.Debug|ARM64.ActiveCfg = Debug|Any CPU
		{287D51CE-F78C-4993-97DE-0E232E6F5B05}.Debug|ARM64.Build.0 = Debug|Any CPU
		{287D51CE-F78C-4993-97DE-0E232E6F5B05}.Debug|iPhone.ActiveCfg = Debug|Any CPU
		{287D51CE-F78C-4993-97DE-0E232E6F5B05}.Debug|iPhone.Build.0 = Debug|Any CPU
		{287D51CE-F78C-4993-97DE-0E232E6F5B05}.Debug|iPhoneSimulator.ActiveCfg = Debug|Any CPU
		{287D51CE-F78C-4993-97DE-0E232E6F5B05}.Debug|iPhoneSimulator.Build.0 = Debug|Any CPU
		{287D51CE-F78C-4993-97DE-0E232E6F5B05}.Debug|x64.ActiveCfg = Debug|Any CPU
		{287D51CE-F78C-4993-97DE-0E232E6F5B05}.Debug|x64.Build.0 = Debug|Any CPU
		{287D51CE-F78C-4993-97DE-0E232E6F5B05}.Debug|x86.ActiveCfg = Debug|Any CPU
		{287D51CE-F78C-4993-97DE-0E232E6F5B05}.Debug|x86.Build.0 = Debug|Any CPU
		{287D51CE-F78C-4993-97DE-0E232E6F5B05}.Release|Any CPU.ActiveCfg = Release|Any CPU
		{287D51CE-F78C-4993-97DE-0E232E6F5B05}.Release|Any CPU.Build.0 = Release|Any CPU
		{287D51CE-F78C-4993-97DE-0E232E6F5B05}.Release|ARM.ActiveCfg = Release|Any CPU
		{287D51CE-F78C-4993-97DE-0E232E6F5B05}.Release|ARM.Build.0 = Release|Any CPU
		{287D51CE-F78C-4993-97DE-0E232E6F5B05}.Release|ARM64.ActiveCfg = Release|Any CPU
		{287D51CE-F78C-4993-97DE-0E232E6F5B05}.Release|ARM64.Build.0 = Release|Any CPU
		{287D51CE-F78C-4993-97DE-0E232E6F5B05}.Release|iPhone.ActiveCfg = Release|Any CPU
		{287D51CE-F78C-4993-97DE-0E232E6F5B05}.Release|iPhone.Build.0 = Release|Any CPU
		{287D51CE-F78C-4993-97DE-0E232E6F5B05}.Release|iPhoneSimulator.ActiveCfg = Release|Any CPU
		{287D51CE-F78C-4993-97DE-0E232E6F5B05}.Release|iPhoneSimulator.Build.0 = Release|Any CPU
		{287D51CE-F78C-4993-97DE-0E232E6F5B05}.Release|x64.ActiveCfg = Release|Any CPU
		{287D51CE-F78C-4993-97DE-0E232E6F5B05}.Release|x64.Build.0 = Release|Any CPU
		{287D51CE-F78C-4993-97DE-0E232E6F5B05}.Release|x86.ActiveCfg = Release|Any CPU
		{287D51CE-F78C-4993-97DE-0E232E6F5B05}.Release|x86.Build.0 = Release|Any CPU
		{0EED98AB-EE4F-4FF6-8E7E-54AF334F24B9}.Ad-Hoc|Any CPU.ActiveCfg = Debug|Any CPU
		{0EED98AB-EE4F-4FF6-8E7E-54AF334F24B9}.Ad-Hoc|Any CPU.Build.0 = Debug|Any CPU
		{0EED98AB-EE4F-4FF6-8E7E-54AF334F24B9}.Ad-Hoc|ARM.ActiveCfg = Debug|Any CPU
		{0EED98AB-EE4F-4FF6-8E7E-54AF334F24B9}.Ad-Hoc|ARM.Build.0 = Debug|Any CPU
		{0EED98AB-EE4F-4FF6-8E7E-54AF334F24B9}.Ad-Hoc|ARM64.ActiveCfg = Debug|Any CPU
		{0EED98AB-EE4F-4FF6-8E7E-54AF334F24B9}.Ad-Hoc|ARM64.Build.0 = Debug|Any CPU
		{0EED98AB-EE4F-4FF6-8E7E-54AF334F24B9}.Ad-Hoc|iPhone.ActiveCfg = Debug|Any CPU
		{0EED98AB-EE4F-4FF6-8E7E-54AF334F24B9}.Ad-Hoc|iPhone.Build.0 = Debug|Any CPU
		{0EED98AB-EE4F-4FF6-8E7E-54AF334F24B9}.Ad-Hoc|iPhoneSimulator.ActiveCfg = Debug|Any CPU
		{0EED98AB-EE4F-4FF6-8E7E-54AF334F24B9}.Ad-Hoc|iPhoneSimulator.Build.0 = Debug|Any CPU
		{0EED98AB-EE4F-4FF6-8E7E-54AF334F24B9}.Ad-Hoc|x64.ActiveCfg = Debug|Any CPU
		{0EED98AB-EE4F-4FF6-8E7E-54AF334F24B9}.Ad-Hoc|x64.Build.0 = Debug|Any CPU
		{0EED98AB-EE4F-4FF6-8E7E-54AF334F24B9}.Ad-Hoc|x86.ActiveCfg = Debug|Any CPU
		{0EED98AB-EE4F-4FF6-8E7E-54AF334F24B9}.Ad-Hoc|x86.Build.0 = Debug|Any CPU
		{0EED98AB-EE4F-4FF6-8E7E-54AF334F24B9}.AppStore|Any CPU.ActiveCfg = Debug|Any CPU
		{0EED98AB-EE4F-4FF6-8E7E-54AF334F24B9}.AppStore|Any CPU.Build.0 = Debug|Any CPU
		{0EED98AB-EE4F-4FF6-8E7E-54AF334F24B9}.AppStore|ARM.ActiveCfg = Debug|Any CPU
		{0EED98AB-EE4F-4FF6-8E7E-54AF334F24B9}.AppStore|ARM.Build.0 = Debug|Any CPU
		{0EED98AB-EE4F-4FF6-8E7E-54AF334F24B9}.AppStore|ARM64.ActiveCfg = Debug|Any CPU
		{0EED98AB-EE4F-4FF6-8E7E-54AF334F24B9}.AppStore|ARM64.Build.0 = Debug|Any CPU
		{0EED98AB-EE4F-4FF6-8E7E-54AF334F24B9}.AppStore|iPhone.ActiveCfg = Debug|Any CPU
		{0EED98AB-EE4F-4FF6-8E7E-54AF334F24B9}.AppStore|iPhone.Build.0 = Debug|Any CPU
		{0EED98AB-EE4F-4FF6-8E7E-54AF334F24B9}.AppStore|iPhoneSimulator.ActiveCfg = Debug|Any CPU
		{0EED98AB-EE4F-4FF6-8E7E-54AF334F24B9}.AppStore|iPhoneSimulator.Build.0 = Debug|Any CPU
		{0EED98AB-EE4F-4FF6-8E7E-54AF334F24B9}.AppStore|x64.ActiveCfg = Debug|Any CPU
		{0EED98AB-EE4F-4FF6-8E7E-54AF334F24B9}.AppStore|x64.Build.0 = Debug|Any CPU
		{0EED98AB-EE4F-4FF6-8E7E-54AF334F24B9}.AppStore|x86.ActiveCfg = Debug|Any CPU
		{0EED98AB-EE4F-4FF6-8E7E-54AF334F24B9}.AppStore|x86.Build.0 = Debug|Any CPU
		{0EED98AB-EE4F-4FF6-8E7E-54AF334F24B9}.Debug|Any CPU.ActiveCfg = Debug|Any CPU
		{0EED98AB-EE4F-4FF6-8E7E-54AF334F24B9}.Debug|Any CPU.Build.0 = Debug|Any CPU
		{0EED98AB-EE4F-4FF6-8E7E-54AF334F24B9}.Debug|ARM.ActiveCfg = Debug|Any CPU
		{0EED98AB-EE4F-4FF6-8E7E-54AF334F24B9}.Debug|ARM.Build.0 = Debug|Any CPU
		{0EED98AB-EE4F-4FF6-8E7E-54AF334F24B9}.Debug|ARM64.ActiveCfg = Debug|Any CPU
		{0EED98AB-EE4F-4FF6-8E7E-54AF334F24B9}.Debug|ARM64.Build.0 = Debug|Any CPU
		{0EED98AB-EE4F-4FF6-8E7E-54AF334F24B9}.Debug|iPhone.ActiveCfg = Debug|Any CPU
		{0EED98AB-EE4F-4FF6-8E7E-54AF334F24B9}.Debug|iPhone.Build.0 = Debug|Any CPU
		{0EED98AB-EE4F-4FF6-8E7E-54AF334F24B9}.Debug|iPhoneSimulator.ActiveCfg = Debug|Any CPU
		{0EED98AB-EE4F-4FF6-8E7E-54AF334F24B9}.Debug|iPhoneSimulator.Build.0 = Debug|Any CPU
		{0EED98AB-EE4F-4FF6-8E7E-54AF334F24B9}.Debug|x64.ActiveCfg = Debug|Any CPU
		{0EED98AB-EE4F-4FF6-8E7E-54AF334F24B9}.Debug|x64.Build.0 = Debug|Any CPU
		{0EED98AB-EE4F-4FF6-8E7E-54AF334F24B9}.Debug|x86.ActiveCfg = Debug|Any CPU
		{0EED98AB-EE4F-4FF6-8E7E-54AF334F24B9}.Debug|x86.Build.0 = Debug|Any CPU
		{0EED98AB-EE4F-4FF6-8E7E-54AF334F24B9}.Release|Any CPU.ActiveCfg = Release|Any CPU
		{0EED98AB-EE4F-4FF6-8E7E-54AF334F24B9}.Release|Any CPU.Build.0 = Release|Any CPU
		{0EED98AB-EE4F-4FF6-8E7E-54AF334F24B9}.Release|ARM.ActiveCfg = Release|Any CPU
		{0EED98AB-EE4F-4FF6-8E7E-54AF334F24B9}.Release|ARM.Build.0 = Release|Any CPU
		{0EED98AB-EE4F-4FF6-8E7E-54AF334F24B9}.Release|ARM64.ActiveCfg = Release|Any CPU
		{0EED98AB-EE4F-4FF6-8E7E-54AF334F24B9}.Release|ARM64.Build.0 = Release|Any CPU
		{0EED98AB-EE4F-4FF6-8E7E-54AF334F24B9}.Release|iPhone.ActiveCfg = Release|Any CPU
		{0EED98AB-EE4F-4FF6-8E7E-54AF334F24B9}.Release|iPhone.Build.0 = Release|Any CPU
		{0EED98AB-EE4F-4FF6-8E7E-54AF334F24B9}.Release|iPhoneSimulator.ActiveCfg = Release|Any CPU
		{0EED98AB-EE4F-4FF6-8E7E-54AF334F24B9}.Release|iPhoneSimulator.Build.0 = Release|Any CPU
		{0EED98AB-EE4F-4FF6-8E7E-54AF334F24B9}.Release|x64.ActiveCfg = Release|Any CPU
		{0EED98AB-EE4F-4FF6-8E7E-54AF334F24B9}.Release|x64.Build.0 = Release|Any CPU
		{0EED98AB-EE4F-4FF6-8E7E-54AF334F24B9}.Release|x86.ActiveCfg = Release|Any CPU
		{0EED98AB-EE4F-4FF6-8E7E-54AF334F24B9}.Release|x86.Build.0 = Release|Any CPU
		{37F498B1-B698-4EB4-9EF4-BE0714EB6698}.Ad-Hoc|Any CPU.ActiveCfg = Debug|Any CPU
		{37F498B1-B698-4EB4-9EF4-BE0714EB6698}.Ad-Hoc|Any CPU.Build.0 = Debug|Any CPU
		{37F498B1-B698-4EB4-9EF4-BE0714EB6698}.Ad-Hoc|ARM.ActiveCfg = Debug|Any CPU
		{37F498B1-B698-4EB4-9EF4-BE0714EB6698}.Ad-Hoc|ARM.Build.0 = Debug|Any CPU
		{37F498B1-B698-4EB4-9EF4-BE0714EB6698}.Ad-Hoc|ARM64.ActiveCfg = Debug|Any CPU
		{37F498B1-B698-4EB4-9EF4-BE0714EB6698}.Ad-Hoc|ARM64.Build.0 = Debug|Any CPU
		{37F498B1-B698-4EB4-9EF4-BE0714EB6698}.Ad-Hoc|iPhone.ActiveCfg = Debug|Any CPU
		{37F498B1-B698-4EB4-9EF4-BE0714EB6698}.Ad-Hoc|iPhone.Build.0 = Debug|Any CPU
		{37F498B1-B698-4EB4-9EF4-BE0714EB6698}.Ad-Hoc|iPhoneSimulator.ActiveCfg = Debug|Any CPU
		{37F498B1-B698-4EB4-9EF4-BE0714EB6698}.Ad-Hoc|iPhoneSimulator.Build.0 = Debug|Any CPU
		{37F498B1-B698-4EB4-9EF4-BE0714EB6698}.Ad-Hoc|x64.ActiveCfg = Debug|Any CPU
		{37F498B1-B698-4EB4-9EF4-BE0714EB6698}.Ad-Hoc|x64.Build.0 = Debug|Any CPU
		{37F498B1-B698-4EB4-9EF4-BE0714EB6698}.Ad-Hoc|x86.ActiveCfg = Debug|Any CPU
		{37F498B1-B698-4EB4-9EF4-BE0714EB6698}.Ad-Hoc|x86.Build.0 = Debug|Any CPU
		{37F498B1-B698-4EB4-9EF4-BE0714EB6698}.AppStore|Any CPU.ActiveCfg = Debug|Any CPU
		{37F498B1-B698-4EB4-9EF4-BE0714EB6698}.AppStore|Any CPU.Build.0 = Debug|Any CPU
		{37F498B1-B698-4EB4-9EF4-BE0714EB6698}.AppStore|ARM.ActiveCfg = Debug|Any CPU
		{37F498B1-B698-4EB4-9EF4-BE0714EB6698}.AppStore|ARM.Build.0 = Debug|Any CPU
		{37F498B1-B698-4EB4-9EF4-BE0714EB6698}.AppStore|ARM64.ActiveCfg = Debug|Any CPU
		{37F498B1-B698-4EB4-9EF4-BE0714EB6698}.AppStore|ARM64.Build.0 = Debug|Any CPU
		{37F498B1-B698-4EB4-9EF4-BE0714EB6698}.AppStore|iPhone.ActiveCfg = Debug|Any CPU
		{37F498B1-B698-4EB4-9EF4-BE0714EB6698}.AppStore|iPhone.Build.0 = Debug|Any CPU
		{37F498B1-B698-4EB4-9EF4-BE0714EB6698}.AppStore|iPhoneSimulator.ActiveCfg = Debug|Any CPU
		{37F498B1-B698-4EB4-9EF4-BE0714EB6698}.AppStore|iPhoneSimulator.Build.0 = Debug|Any CPU
		{37F498B1-B698-4EB4-9EF4-BE0714EB6698}.AppStore|x64.ActiveCfg = Debug|Any CPU
		{37F498B1-B698-4EB4-9EF4-BE0714EB6698}.AppStore|x64.Build.0 = Debug|Any CPU
		{37F498B1-B698-4EB4-9EF4-BE0714EB6698}.AppStore|x86.ActiveCfg = Debug|Any CPU
		{37F498B1-B698-4EB4-9EF4-BE0714EB6698}.AppStore|x86.Build.0 = Debug|Any CPU
		{37F498B1-B698-4EB4-9EF4-BE0714EB6698}.Debug|Any CPU.ActiveCfg = Debug|Any CPU
		{37F498B1-B698-4EB4-9EF4-BE0714EB6698}.Debug|Any CPU.Build.0 = Debug|Any CPU
		{37F498B1-B698-4EB4-9EF4-BE0714EB6698}.Debug|ARM.ActiveCfg = Debug|Any CPU
		{37F498B1-B698-4EB4-9EF4-BE0714EB6698}.Debug|ARM.Build.0 = Debug|Any CPU
		{37F498B1-B698-4EB4-9EF4-BE0714EB6698}.Debug|ARM64.ActiveCfg = Debug|Any CPU
		{37F498B1-B698-4EB4-9EF4-BE0714EB6698}.Debug|ARM64.Build.0 = Debug|Any CPU
		{37F498B1-B698-4EB4-9EF4-BE0714EB6698}.Debug|iPhone.ActiveCfg = Debug|Any CPU
		{37F498B1-B698-4EB4-9EF4-BE0714EB6698}.Debug|iPhone.Build.0 = Debug|Any CPU
		{37F498B1-B698-4EB4-9EF4-BE0714EB6698}.Debug|iPhoneSimulator.ActiveCfg = Debug|Any CPU
		{37F498B1-B698-4EB4-9EF4-BE0714EB6698}.Debug|iPhoneSimulator.Build.0 = Debug|Any CPU
		{37F498B1-B698-4EB4-9EF4-BE0714EB6698}.Debug|x64.ActiveCfg = Debug|Any CPU
		{37F498B1-B698-4EB4-9EF4-BE0714EB6698}.Debug|x64.Build.0 = Debug|Any CPU
		{37F498B1-B698-4EB4-9EF4-BE0714EB6698}.Debug|x86.ActiveCfg = Debug|Any CPU
		{37F498B1-B698-4EB4-9EF4-BE0714EB6698}.Debug|x86.Build.0 = Debug|Any CPU
		{37F498B1-B698-4EB4-9EF4-BE0714EB6698}.Release|Any CPU.ActiveCfg = Release|Any CPU
		{37F498B1-B698-4EB4-9EF4-BE0714EB6698}.Release|Any CPU.Build.0 = Release|Any CPU
		{37F498B1-B698-4EB4-9EF4-BE0714EB6698}.Release|ARM.ActiveCfg = Release|Any CPU
		{37F498B1-B698-4EB4-9EF4-BE0714EB6698}.Release|ARM.Build.0 = Release|Any CPU
		{37F498B1-B698-4EB4-9EF4-BE0714EB6698}.Release|ARM64.ActiveCfg = Release|Any CPU
		{37F498B1-B698-4EB4-9EF4-BE0714EB6698}.Release|ARM64.Build.0 = Release|Any CPU
		{37F498B1-B698-4EB4-9EF4-BE0714EB6698}.Release|iPhone.ActiveCfg = Release|Any CPU
		{37F498B1-B698-4EB4-9EF4-BE0714EB6698}.Release|iPhone.Build.0 = Release|Any CPU
		{37F498B1-B698-4EB4-9EF4-BE0714EB6698}.Release|iPhoneSimulator.ActiveCfg = Release|Any CPU
		{37F498B1-B698-4EB4-9EF4-BE0714EB6698}.Release|iPhoneSimulator.Build.0 = Release|Any CPU
		{37F498B1-B698-4EB4-9EF4-BE0714EB6698}.Release|x64.ActiveCfg = Release|Any CPU
		{37F498B1-B698-4EB4-9EF4-BE0714EB6698}.Release|x64.Build.0 = Release|Any CPU
		{37F498B1-B698-4EB4-9EF4-BE0714EB6698}.Release|x86.ActiveCfg = Release|Any CPU
		{37F498B1-B698-4EB4-9EF4-BE0714EB6698}.Release|x86.Build.0 = Release|Any CPU
		{117AD515-B42C-4DCE-820D-90568A0B409A}.Ad-Hoc|Any CPU.ActiveCfg = Debug|Any CPU
		{117AD515-B42C-4DCE-820D-90568A0B409A}.Ad-Hoc|Any CPU.Build.0 = Debug|Any CPU
		{117AD515-B42C-4DCE-820D-90568A0B409A}.Ad-Hoc|ARM.ActiveCfg = Debug|Any CPU
		{117AD515-B42C-4DCE-820D-90568A0B409A}.Ad-Hoc|ARM.Build.0 = Debug|Any CPU
		{117AD515-B42C-4DCE-820D-90568A0B409A}.Ad-Hoc|ARM64.ActiveCfg = Debug|Any CPU
		{117AD515-B42C-4DCE-820D-90568A0B409A}.Ad-Hoc|ARM64.Build.0 = Debug|Any CPU
		{117AD515-B42C-4DCE-820D-90568A0B409A}.Ad-Hoc|iPhone.ActiveCfg = Debug|Any CPU
		{117AD515-B42C-4DCE-820D-90568A0B409A}.Ad-Hoc|iPhone.Build.0 = Debug|Any CPU
		{117AD515-B42C-4DCE-820D-90568A0B409A}.Ad-Hoc|iPhoneSimulator.ActiveCfg = Debug|Any CPU
		{117AD515-B42C-4DCE-820D-90568A0B409A}.Ad-Hoc|iPhoneSimulator.Build.0 = Debug|Any CPU
		{117AD515-B42C-4DCE-820D-90568A0B409A}.Ad-Hoc|x64.ActiveCfg = Debug|Any CPU
		{117AD515-B42C-4DCE-820D-90568A0B409A}.Ad-Hoc|x64.Build.0 = Debug|Any CPU
		{117AD515-B42C-4DCE-820D-90568A0B409A}.Ad-Hoc|x86.ActiveCfg = Debug|Any CPU
		{117AD515-B42C-4DCE-820D-90568A0B409A}.Ad-Hoc|x86.Build.0 = Debug|Any CPU
		{117AD515-B42C-4DCE-820D-90568A0B409A}.AppStore|Any CPU.ActiveCfg = Debug|Any CPU
		{117AD515-B42C-4DCE-820D-90568A0B409A}.AppStore|Any CPU.Build.0 = Debug|Any CPU
		{117AD515-B42C-4DCE-820D-90568A0B409A}.AppStore|ARM.ActiveCfg = Debug|Any CPU
		{117AD515-B42C-4DCE-820D-90568A0B409A}.AppStore|ARM.Build.0 = Debug|Any CPU
		{117AD515-B42C-4DCE-820D-90568A0B409A}.AppStore|ARM64.ActiveCfg = Debug|Any CPU
		{117AD515-B42C-4DCE-820D-90568A0B409A}.AppStore|ARM64.Build.0 = Debug|Any CPU
		{117AD515-B42C-4DCE-820D-90568A0B409A}.AppStore|iPhone.ActiveCfg = Debug|Any CPU
		{117AD515-B42C-4DCE-820D-90568A0B409A}.AppStore|iPhone.Build.0 = Debug|Any CPU
		{117AD515-B42C-4DCE-820D-90568A0B409A}.AppStore|iPhoneSimulator.ActiveCfg = Debug|Any CPU
		{117AD515-B42C-4DCE-820D-90568A0B409A}.AppStore|iPhoneSimulator.Build.0 = Debug|Any CPU
		{117AD515-B42C-4DCE-820D-90568A0B409A}.AppStore|x64.ActiveCfg = Debug|Any CPU
		{117AD515-B42C-4DCE-820D-90568A0B409A}.AppStore|x64.Build.0 = Debug|Any CPU
		{117AD515-B42C-4DCE-820D-90568A0B409A}.AppStore|x86.ActiveCfg = Debug|Any CPU
		{117AD515-B42C-4DCE-820D-90568A0B409A}.AppStore|x86.Build.0 = Debug|Any CPU
		{117AD515-B42C-4DCE-820D-90568A0B409A}.Debug|Any CPU.ActiveCfg = Debug|Any CPU
		{117AD515-B42C-4DCE-820D-90568A0B409A}.Debug|Any CPU.Build.0 = Debug|Any CPU
		{117AD515-B42C-4DCE-820D-90568A0B409A}.Debug|ARM.ActiveCfg = Debug|Any CPU
		{117AD515-B42C-4DCE-820D-90568A0B409A}.Debug|ARM.Build.0 = Debug|Any CPU
		{117AD515-B42C-4DCE-820D-90568A0B409A}.Debug|ARM64.ActiveCfg = Debug|Any CPU
		{117AD515-B42C-4DCE-820D-90568A0B409A}.Debug|ARM64.Build.0 = Debug|Any CPU
		{117AD515-B42C-4DCE-820D-90568A0B409A}.Debug|iPhone.ActiveCfg = Debug|Any CPU
		{117AD515-B42C-4DCE-820D-90568A0B409A}.Debug|iPhone.Build.0 = Debug|Any CPU
		{117AD515-B42C-4DCE-820D-90568A0B409A}.Debug|iPhoneSimulator.ActiveCfg = Debug|Any CPU
		{117AD515-B42C-4DCE-820D-90568A0B409A}.Debug|iPhoneSimulator.Build.0 = Debug|Any CPU
		{117AD515-B42C-4DCE-820D-90568A0B409A}.Debug|x64.ActiveCfg = Debug|Any CPU
		{117AD515-B42C-4DCE-820D-90568A0B409A}.Debug|x64.Build.0 = Debug|Any CPU
		{117AD515-B42C-4DCE-820D-90568A0B409A}.Debug|x86.ActiveCfg = Debug|Any CPU
		{117AD515-B42C-4DCE-820D-90568A0B409A}.Debug|x86.Build.0 = Debug|Any CPU
		{117AD515-B42C-4DCE-820D-90568A0B409A}.Release|Any CPU.ActiveCfg = Release|Any CPU
		{117AD515-B42C-4DCE-820D-90568A0B409A}.Release|Any CPU.Build.0 = Release|Any CPU
		{117AD515-B42C-4DCE-820D-90568A0B409A}.Release|ARM.ActiveCfg = Release|Any CPU
		{117AD515-B42C-4DCE-820D-90568A0B409A}.Release|ARM.Build.0 = Release|Any CPU
		{117AD515-B42C-4DCE-820D-90568A0B409A}.Release|ARM64.ActiveCfg = Release|Any CPU
		{117AD515-B42C-4DCE-820D-90568A0B409A}.Release|ARM64.Build.0 = Release|Any CPU
		{117AD515-B42C-4DCE-820D-90568A0B409A}.Release|iPhone.ActiveCfg = Release|Any CPU
		{117AD515-B42C-4DCE-820D-90568A0B409A}.Release|iPhone.Build.0 = Release|Any CPU
		{117AD515-B42C-4DCE-820D-90568A0B409A}.Release|iPhoneSimulator.ActiveCfg = Release|Any CPU
		{117AD515-B42C-4DCE-820D-90568A0B409A}.Release|iPhoneSimulator.Build.0 = Release|Any CPU
		{117AD515-B42C-4DCE-820D-90568A0B409A}.Release|x64.ActiveCfg = Release|Any CPU
		{117AD515-B42C-4DCE-820D-90568A0B409A}.Release|x64.Build.0 = Release|Any CPU
		{117AD515-B42C-4DCE-820D-90568A0B409A}.Release|x86.ActiveCfg = Release|Any CPU
		{117AD515-B42C-4DCE-820D-90568A0B409A}.Release|x86.Build.0 = Release|Any CPU
	EndGlobalSection
	GlobalSection(SolutionProperties) = preSolution
		HideSolutionNode = FALSE
	EndGlobalSection
	GlobalSection(ExtensibilityGlobals) = postSolution
		SolutionGuid = {556CF317-DD9C-404C-8F6E-53B491DAB3EB}
	EndGlobalSection
EndGlobal
