
Microsoft Visual Studio Solution File, Format Version 12.00
# Visual Studio Version 16
VisualStudioVersion = 16.0.31025.194
MinimumVisualStudioVersion = 10.0.40219.1
Project("{9A19103F-16F7-4668-BE54-9A1E7A4F7556}") = "MyMarket", "MyMarket\MyMarket.csproj", "{A6288580-6005-4D4C-B3B8-F8117FB46A46}"
EndProject
Project("{9A19103F-16F7-4668-BE54-9A1E7A4F7556}") = "MyLib", "MyLib\MyLib.csproj", "{2CA7E951-8EED-44FA-B4CA-C6643B63BC61}"
EndProject
Project("{2150E333-8FDC-42A3-9474-1A3956D46DE8}") = "Solution Items", "Solution Items", "{858FDEE9-2C0E-47D7-861F-5758D1875057}"
	ProjectSection(SolutionItems) = preProject
		.editorconfig = .editorconfig
	EndProjectSection
EndProject
Project("{9A19103F-16F7-4668-BE54-9A1E7A4F7556}") = "MyWebAPI", "MyWebAPI\MyWebAPI.csproj", "{14980EEF-6126-47B2-8D6E-D955AC2900CF}"
EndProject
Project("{FAE04EC0-301F-11D3-BF4B-00C04F79EFBC}") = "MarketMobileApp.Android", "MarketMobileApp\MarketMobileApp.Android\MarketMobileApp.Android.csproj", "{4A31CFEB-1740-45AA-B18B-F164EC87E36C}"
EndProject
Project("{FAE04EC0-301F-11D3-BF4B-00C04F79EFBC}") = "MarketMobileApp.iOS", "MarketMobileApp\MarketMobileApp.iOS\MarketMobileApp.iOS.csproj", "{0AD32643-E930-43D9-9CF9-CB65B2FC9620}"
EndProject
Project("{9A19103F-16F7-4668-BE54-9A1E7A4F7556}") = "MarketMobileApp", "MarketMobileApp\MarketMobileApp\MarketMobileApp.csproj", "{287D51CE-F78C-4993-97DE-0E232E6F5B05}"
EndProject
Project("{9A19103F-16F7-4668-BE54-9A1E7A4F7556}") = "MarkerWebBootstrapBlazor.Server", "MarkerWebBootstrapBlazor\MarkerWebBootstrapBlazor.Server\MarkerWebBootstrapBlazor.Server.csproj", "{4D19AF42-4AB3-4604-9AF7-D76CEA46F4F0}"
EndProject
Project("{9A19103F-16F7-4668-BE54-9A1E7A4F7556}") = "MarkerWebBootstrapBlazor.WebAssembly", "MarkerWebBootstrapBlazor\MarkerWebBootstrapBlazor.WebAssembly\MarkerWebBootstrapBlazor.WebAssembly.csproj", "{370F1198-574B-420E-A524-A2F539B74F3A}"
EndProject
Project("{9A19103F-16F7-4668-BE54-9A1E7A4F7556}") = "MarkerWebBootstrapBlazor.Shared", "MarkerWebBootstrapBlazor\MarkerWebBootstrapBlazor.Shared\MarkerWebBootstrapBlazor.Shared.csproj", "{CB33ADEE-C8FB-4F30-8D64-85E3DA24614B}"
EndProject
Global
	GlobalSection(SolutionConfigurationPlatforms) = preSolution
		Debug|Any CPU = Debug|Any CPU
		Debug|iPhone = Debug|iPhone
		Debug|iPhoneSimulator = Debug|iPhoneSimulator
		Release|Any CPU = Release|Any CPU
		Release|iPhone = Release|iPhone
		Release|iPhoneSimulator = Release|iPhoneSimulator
	EndGlobalSection
	GlobalSection(ProjectConfigurationPlatforms) = postSolution
		{A6288580-6005-4D4C-B3B8-F8117FB46A46}.Debug|Any CPU.ActiveCfg = Debug|Any CPU
		{A6288580-6005-4D4C-B3B8-F8117FB46A46}.Debug|Any CPU.Build.0 = Debug|Any CPU
		{A6288580-6005-4D4C-B3B8-F8117FB46A46}.Debug|iPhone.ActiveCfg = Debug|Any CPU
		{A6288580-6005-4D4C-B3B8-F8117FB46A46}.Debug|iPhone.Build.0 = Debug|Any CPU
		{A6288580-6005-4D4C-B3B8-F8117FB46A46}.Debug|iPhoneSimulator.ActiveCfg = Debug|Any CPU
		{A6288580-6005-4D4C-B3B8-F8117FB46A46}.Debug|iPhoneSimulator.Build.0 = Debug|Any CPU
		{A6288580-6005-4D4C-B3B8-F8117FB46A46}.Release|Any CPU.ActiveCfg = Release|Any CPU
		{A6288580-6005-4D4C-B3B8-F8117FB46A46}.Release|Any CPU.Build.0 = Release|Any CPU
		{A6288580-6005-4D4C-B3B8-F8117FB46A46}.Release|iPhone.ActiveCfg = Release|Any CPU
		{A6288580-6005-4D4C-B3B8-F8117FB46A46}.Release|iPhone.Build.0 = Release|Any CPU
		{A6288580-6005-4D4C-B3B8-F8117FB46A46}.Release|iPhoneSimulator.ActiveCfg = Release|Any CPU
		{A6288580-6005-4D4C-B3B8-F8117FB46A46}.Release|iPhoneSimulator.Build.0 = Release|Any CPU
		{2CA7E951-8EED-44FA-B4CA-C6643B63BC61}.Debug|Any CPU.ActiveCfg = Debug|Any CPU
		{2CA7E951-8EED-44FA-B4CA-C6643B63BC61}.Debug|Any CPU.Build.0 = Debug|Any CPU
		{2CA7E951-8EED-44FA-B4CA-C6643B63BC61}.Debug|iPhone.ActiveCfg = Debug|Any CPU
		{2CA7E951-8EED-44FA-B4CA-C6643B63BC61}.Debug|iPhone.Build.0 = Debug|Any CPU
		{2CA7E951-8EED-44FA-B4CA-C6643B63BC61}.Debug|iPhoneSimulator.ActiveCfg = Debug|Any CPU
		{2CA7E951-8EED-44FA-B4CA-C6643B63BC61}.Debug|iPhoneSimulator.Build.0 = Debug|Any CPU
		{2CA7E951-8EED-44FA-B4CA-C6643B63BC61}.Release|Any CPU.ActiveCfg = Release|Any CPU
		{2CA7E951-8EED-44FA-B4CA-C6643B63BC61}.Release|Any CPU.Build.0 = Release|Any CPU
		{2CA7E951-8EED-44FA-B4CA-C6643B63BC61}.Release|iPhone.ActiveCfg = Release|Any CPU
		{2CA7E951-8EED-44FA-B4CA-C6643B63BC61}.Release|iPhone.Build.0 = Release|Any CPU
		{2CA7E951-8EED-44FA-B4CA-C6643B63BC61}.Release|iPhoneSimulator.ActiveCfg = Release|Any CPU
		{2CA7E951-8EED-44FA-B4CA-C6643B63BC61}.Release|iPhoneSimulator.Build.0 = Release|Any CPU
		{14980EEF-6126-47B2-8D6E-D955AC2900CF}.Debug|Any CPU.ActiveCfg = Debug|Any CPU
		{14980EEF-6126-47B2-8D6E-D955AC2900CF}.Debug|Any CPU.Build.0 = Debug|Any CPU
		{14980EEF-6126-47B2-8D6E-D955AC2900CF}.Debug|iPhone.ActiveCfg = Debug|Any CPU
		{14980EEF-6126-47B2-8D6E-D955AC2900CF}.Debug|iPhone.Build.0 = Debug|Any CPU
		{14980EEF-6126-47B2-8D6E-D955AC2900CF}.Debug|iPhoneSimulator.ActiveCfg = Debug|Any CPU
		{14980EEF-6126-47B2-8D6E-D955AC2900CF}.Debug|iPhoneSimulator.Build.0 = Debug|Any CPU
		{14980EEF-6126-47B2-8D6E-D955AC2900CF}.Release|Any CPU.ActiveCfg = Release|Any CPU
		{14980EEF-6126-47B2-8D6E-D955AC2900CF}.Release|Any CPU.Build.0 = Release|Any CPU
		{14980EEF-6126-47B2-8D6E-D955AC2900CF}.Release|iPhone.ActiveCfg = Release|Any CPU
		{14980EEF-6126-47B2-8D6E-D955AC2900CF}.Release|iPhone.Build.0 = Release|Any CPU
		{14980EEF-6126-47B2-8D6E-D955AC2900CF}.Release|iPhoneSimulator.ActiveCfg = Release|Any CPU
		{14980EEF-6126-47B2-8D6E-D955AC2900CF}.Release|iPhoneSimulator.Build.0 = Release|Any CPU
		{4A31CFEB-1740-45AA-B18B-F164EC87E36C}.Debug|Any CPU.ActiveCfg = Debug|Any CPU
		{4A31CFEB-1740-45AA-B18B-F164EC87E36C}.Debug|Any CPU.Build.0 = Debug|Any CPU
		{4A31CFEB-1740-45AA-B18B-F164EC87E36C}.Debug|Any CPU.Deploy.0 = Debug|Any CPU
		{4A31CFEB-1740-45AA-B18B-F164EC87E36C}.Debug|iPhone.ActiveCfg = Debug|Any CPU
		{4A31CFEB-1740-45AA-B18B-F164EC87E36C}.Debug|iPhone.Build.0 = Debug|Any CPU
		{4A31CFEB-1740-45AA-B18B-F164EC87E36C}.Debug|iPhone.Deploy.0 = Debug|Any CPU
		{4A31CFEB-1740-45AA-B18B-F164EC87E36C}.Debug|iPhoneSimulator.ActiveCfg = Debug|Any CPU
		{4A31CFEB-1740-45AA-B18B-F164EC87E36C}.Debug|iPhoneSimulator.Build.0 = Debug|Any CPU
		{4A31CFEB-1740-45AA-B18B-F164EC87E36C}.Debug|iPhoneSimulator.Deploy.0 = Debug|Any CPU
		{4A31CFEB-1740-45AA-B18B-F164EC87E36C}.Release|Any CPU.ActiveCfg = Release|Any CPU
		{4A31CFEB-1740-45AA-B18B-F164EC87E36C}.Release|Any CPU.Build.0 = Release|Any CPU
		{4A31CFEB-1740-45AA-B18B-F164EC87E36C}.Release|Any CPU.Deploy.0 = Release|Any CPU
		{4A31CFEB-1740-45AA-B18B-F164EC87E36C}.Release|iPhone.ActiveCfg = Release|Any CPU
		{4A31CFEB-1740-45AA-B18B-F164EC87E36C}.Release|iPhone.Build.0 = Release|Any CPU
		{4A31CFEB-1740-45AA-B18B-F164EC87E36C}.Release|iPhone.Deploy.0 = Release|Any CPU
		{4A31CFEB-1740-45AA-B18B-F164EC87E36C}.Release|iPhoneSimulator.ActiveCfg = Release|Any CPU
		{4A31CFEB-1740-45AA-B18B-F164EC87E36C}.Release|iPhoneSimulator.Build.0 = Release|Any CPU
		{4A31CFEB-1740-45AA-B18B-F164EC87E36C}.Release|iPhoneSimulator.Deploy.0 = Release|Any CPU
		{0AD32643-E930-43D9-9CF9-CB65B2FC9620}.Debug|Any CPU.ActiveCfg = Debug|iPhoneSimulator
		{0AD32643-E930-43D9-9CF9-CB65B2FC9620}.Debug|iPhone.ActiveCfg = Debug|iPhone
		{0AD32643-E930-43D9-9CF9-CB65B2FC9620}.Debug|iPhone.Build.0 = Debug|iPhone
		{0AD32643-E930-43D9-9CF9-CB65B2FC9620}.Debug|iPhoneSimulator.ActiveCfg = Debug|iPhoneSimulator
		{0AD32643-E930-43D9-9CF9-CB65B2FC9620}.Debug|iPhoneSimulator.Build.0 = Debug|iPhoneSimulator
		{0AD32643-E930-43D9-9CF9-CB65B2FC9620}.Release|Any CPU.ActiveCfg = Release|iPhoneSimulator
		{0AD32643-E930-43D9-9CF9-CB65B2FC9620}.Release|iPhone.ActiveCfg = Release|iPhone
		{0AD32643-E930-43D9-9CF9-CB65B2FC9620}.Release|iPhone.Build.0 = Release|iPhone
		{0AD32643-E930-43D9-9CF9-CB65B2FC9620}.Release|iPhoneSimulator.ActiveCfg = Release|iPhoneSimulator
		{0AD32643-E930-43D9-9CF9-CB65B2FC9620}.Release|iPhoneSimulator.Build.0 = Release|iPhoneSimulator
		{287D51CE-F78C-4993-97DE-0E232E6F5B05}.Debug|Any CPU.ActiveCfg = Debug|Any CPU
		{287D51CE-F78C-4993-97DE-0E232E6F5B05}.Debug|Any CPU.Build.0 = Debug|Any CPU
		{287D51CE-F78C-4993-97DE-0E232E6F5B05}.Debug|iPhone.ActiveCfg = Debug|Any CPU
		{287D51CE-F78C-4993-97DE-0E232E6F5B05}.Debug|iPhone.Build.0 = Debug|Any CPU
		{287D51CE-F78C-4993-97DE-0E232E6F5B05}.Debug|iPhoneSimulator.ActiveCfg = Debug|Any CPU
		{287D51CE-F78C-4993-97DE-0E232E6F5B05}.Debug|iPhoneSimulator.Build.0 = Debug|Any CPU
		{287D51CE-F78C-4993-97DE-0E232E6F5B05}.Release|Any CPU.ActiveCfg = Release|Any CPU
		{287D51CE-F78C-4993-97DE-0E232E6F5B05}.Release|Any CPU.Build.0 = Release|Any CPU
		{287D51CE-F78C-4993-97DE-0E232E6F5B05}.Release|iPhone.ActiveCfg = Release|Any CPU
		{287D51CE-F78C-4993-97DE-0E232E6F5B05}.Release|iPhone.Build.0 = Release|Any CPU
		{287D51CE-F78C-4993-97DE-0E232E6F5B05}.Release|iPhoneSimulator.ActiveCfg = Release|Any CPU
		{287D51CE-F78C-4993-97DE-0E232E6F5B05}.Release|iPhoneSimulator.Build.0 = Release|Any CPU
		{4D19AF42-4AB3-4604-9AF7-D76CEA46F4F0}.Debug|Any CPU.ActiveCfg = Debug|Any CPU
		{4D19AF42-4AB3-4604-9AF7-D76CEA46F4F0}.Debug|Any CPU.Build.0 = Debug|Any CPU
		{4D19AF42-4AB3-4604-9AF7-D76CEA46F4F0}.Debug|iPhone.ActiveCfg = Debug|Any CPU
		{4D19AF42-4AB3-4604-9AF7-D76CEA46F4F0}.Debug|iPhone.Build.0 = Debug|Any CPU
		{4D19AF42-4AB3-4604-9AF7-D76CEA46F4F0}.Debug|iPhoneSimulator.ActiveCfg = Debug|Any CPU
		{4D19AF42-4AB3-4604-9AF7-D76CEA46F4F0}.Debug|iPhoneSimulator.Build.0 = Debug|Any CPU
		{4D19AF42-4AB3-4604-9AF7-D76CEA46F4F0}.Release|Any CPU.ActiveCfg = Release|Any CPU
		{4D19AF42-4AB3-4604-9AF7-D76CEA46F4F0}.Release|Any CPU.Build.0 = Release|Any CPU
		{4D19AF42-4AB3-4604-9AF7-D76CEA46F4F0}.Release|iPhone.ActiveCfg = Release|Any CPU
		{4D19AF42-4AB3-4604-9AF7-D76CEA46F4F0}.Release|iPhone.Build.0 = Release|Any CPU
		{4D19AF42-4AB3-4604-9AF7-D76CEA46F4F0}.Release|iPhoneSimulator.ActiveCfg = Release|Any CPU
		{4D19AF42-4AB3-4604-9AF7-D76CEA46F4F0}.Release|iPhoneSimulator.Build.0 = Release|Any CPU
		{370F1198-574B-420E-A524-A2F539B74F3A}.Debug|Any CPU.ActiveCfg = Debug|Any CPU
		{370F1198-574B-420E-A524-A2F539B74F3A}.Debug|Any CPU.Build.0 = Debug|Any CPU
		{370F1198-574B-420E-A524-A2F539B74F3A}.Debug|iPhone.ActiveCfg = Debug|Any CPU
		{370F1198-574B-420E-A524-A2F539B74F3A}.Debug|iPhone.Build.0 = Debug|Any CPU
		{370F1198-574B-420E-A524-A2F539B74F3A}.Debug|iPhoneSimulator.ActiveCfg = Debug|Any CPU
		{370F1198-574B-420E-A524-A2F539B74F3A}.Debug|iPhoneSimulator.Build.0 = Debug|Any CPU
		{370F1198-574B-420E-A524-A2F539B74F3A}.Release|Any CPU.ActiveCfg = Release|Any CPU
		{370F1198-574B-420E-A524-A2F539B74F3A}.Release|Any CPU.Build.0 = Release|Any CPU
		{370F1198-574B-420E-A524-A2F539B74F3A}.Release|iPhone.ActiveCfg = Release|Any CPU
		{370F1198-574B-420E-A524-A2F539B74F3A}.Release|iPhone.Build.0 = Release|Any CPU
		{370F1198-574B-420E-A524-A2F539B74F3A}.Release|iPhoneSimulator.ActiveCfg = Release|Any CPU
		{370F1198-574B-420E-A524-A2F539B74F3A}.Release|iPhoneSimulator.Build.0 = Release|Any CPU
		{CB33ADEE-C8FB-4F30-8D64-85E3DA24614B}.Debug|Any CPU.ActiveCfg = Debug|Any CPU
		{CB33ADEE-C8FB-4F30-8D64-85E3DA24614B}.Debug|Any CPU.Build.0 = Debug|Any CPU
		{CB33ADEE-C8FB-4F30-8D64-85E3DA24614B}.Debug|iPhone.ActiveCfg = Debug|Any CPU
		{CB33ADEE-C8FB-4F30-8D64-85E3DA24614B}.Debug|iPhone.Build.0 = Debug|Any CPU
		{CB33ADEE-C8FB-4F30-8D64-85E3DA24614B}.Debug|iPhoneSimulator.ActiveCfg = Debug|Any CPU
		{CB33ADEE-C8FB-4F30-8D64-85E3DA24614B}.Debug|iPhoneSimulator.Build.0 = Debug|Any CPU
		{CB33ADEE-C8FB-4F30-8D64-85E3DA24614B}.Release|Any CPU.ActiveCfg = Release|Any CPU
		{CB33ADEE-C8FB-4F30-8D64-85E3DA24614B}.Release|Any CPU.Build.0 = Release|Any CPU
		{CB33ADEE-C8FB-4F30-8D64-85E3DA24614B}.Release|iPhone.ActiveCfg = Release|Any CPU
		{CB33ADEE-C8FB-4F30-8D64-85E3DA24614B}.Release|iPhone.Build.0 = Release|Any CPU
		{CB33ADEE-C8FB-4F30-8D64-85E3DA24614B}.Release|iPhoneSimulator.ActiveCfg = Release|Any CPU
		{CB33ADEE-C8FB-4F30-8D64-85E3DA24614B}.Release|iPhoneSimulator.Build.0 = Release|Any CPU
	EndGlobalSection
	GlobalSection(SolutionProperties) = preSolution
		HideSolutionNode = FALSE
	EndGlobalSection
	GlobalSection(ExtensibilityGlobals) = postSolution
		SolutionGuid = {556CF317-DD9C-404C-8F6E-53B491DAB3EB}
	EndGlobalSection
EndGlobal
